// !$*UTF8*$!
{
	archiveVersion = 1;
	classes = {
	};
	objectVersion = 46;
	objects = {

/* Begin PBXBuildFile section */
		8C247D8C17BFE3D9001EDA03 /* UIKit.framework in Frameworks */ = {isa = PBXBuildFile; fileRef = 8C247D8B17BFE3D9001EDA03 /* UIKit.framework */; };
		8C247D8E17BFE3D9001EDA03 /* Foundation.framework in Frameworks */ = {isa = PBXBuildFile; fileRef = 8C247D8D17BFE3D9001EDA03 /* Foundation.framework */; };
		8C247D9017BFE3D9001EDA03 /* CoreGraphics.framework in Frameworks */ = {isa = PBXBuildFile; fileRef = 8C247D8F17BFE3D9001EDA03 /* CoreGraphics.framework */; };
		8C247D9217BFE3D9001EDA03 /* CoreData.framework in Frameworks */ = {isa = PBXBuildFile; fileRef = 8C247D9117BFE3D9001EDA03 /* CoreData.framework */; };
		8C247D9817BFE3D9001EDA03 /* InfoPlist.strings in Resources */ = {isa = PBXBuildFile; fileRef = 8C247D9617BFE3D9001EDA03 /* InfoPlist.strings */; };
		8C247D9A17BFE3D9001EDA03 /* main.m in Sources */ = {isa = PBXBuildFile; fileRef = 8C247D9917BFE3D9001EDA03 /* main.m */; };
		8C247D9E17BFE3D9001EDA03 /* AppDelegate.m in Sources */ = {isa = PBXBuildFile; fileRef = 8C247D9D17BFE3D9001EDA03 /* AppDelegate.m */; };
		8C247DA017BFE3D9001EDA03 /* Default.png in Resources */ = {isa = PBXBuildFile; fileRef = 8C247D9F17BFE3D9001EDA03 /* Default.png */; };
		8C247DA217BFE3D9001EDA03 /* Default@2x.png in Resources */ = {isa = PBXBuildFile; fileRef = 8C247DA117BFE3D9001EDA03 /* Default@2x.png */; };
		8C247DA417BFE3D9001EDA03 /* Default-568h@2x.png in Resources */ = {isa = PBXBuildFile; fileRef = 8C247DA317BFE3D9001EDA03 /* Default-568h@2x.png */; };
		8C247DA717BFE3D9001EDA03 /* STracker.xcdatamodeld in Sources */ = {isa = PBXBuildFile; fileRef = 8C247DA517BFE3D9001EDA03 /* STracker.xcdatamodeld */; };
		8C247DAF17BFE3D9001EDA03 /* SenTestingKit.framework in Frameworks */ = {isa = PBXBuildFile; fileRef = 8C247DAE17BFE3D9001EDA03 /* SenTestingKit.framework */; };
		8C247DB017BFE3D9001EDA03 /* UIKit.framework in Frameworks */ = {isa = PBXBuildFile; fileRef = 8C247D8B17BFE3D9001EDA03 /* UIKit.framework */; };
		8C247DB117BFE3D9001EDA03 /* Foundation.framework in Frameworks */ = {isa = PBXBuildFile; fileRef = 8C247D8D17BFE3D9001EDA03 /* Foundation.framework */; };
		8C247DB217BFE3D9001EDA03 /* CoreData.framework in Frameworks */ = {isa = PBXBuildFile; fileRef = 8C247D9117BFE3D9001EDA03 /* CoreData.framework */; };
		8C247DBA17BFE3D9001EDA03 /* InfoPlist.strings in Resources */ = {isa = PBXBuildFile; fileRef = 8C247DB817BFE3D9001EDA03 /* InfoPlist.strings */; };
		8C247DBD17BFE3D9001EDA03 /* STrackerTests.m in Sources */ = {isa = PBXBuildFile; fileRef = 8C247DBC17BFE3D9001EDA03 /* STrackerTests.m */; };
		8C247E3117BFE716001EDA03 /* Actor.m in Sources */ = {isa = PBXBuildFile; fileRef = 8C247DC817BFE716001EDA03 /* Actor.m */; };
		8C247E3217BFE716001EDA03 /* Comment.m in Sources */ = {isa = PBXBuildFile; fileRef = 8C247DCA17BFE716001EDA03 /* Comment.m */; };
		8C247E3317BFE716001EDA03 /* Entity.m in Sources */ = {isa = PBXBuildFile; fileRef = 8C247DCC17BFE716001EDA03 /* Entity.m */; };
		8C247E3417BFE716001EDA03 /* Episode.m in Sources */ = {isa = PBXBuildFile; fileRef = 8C247DCE17BFE716001EDA03 /* Episode.m */; };
		8C247E3517BFE716001EDA03 /* Genre.m in Sources */ = {isa = PBXBuildFile; fileRef = 8C247DD017BFE716001EDA03 /* Genre.m */; };
		8C247E3617BFE716001EDA03 /* Person.m in Sources */ = {isa = PBXBuildFile; fileRef = 8C247DD217BFE716001EDA03 /* Person.m */; };
		8C247E3717BFE716001EDA03 /* Range.m in Sources */ = {isa = PBXBuildFile; fileRef = 8C247DD417BFE716001EDA03 /* Range.m */; };
		8C247E3817BFE716001EDA03 /* Rating.m in Sources */ = {isa = PBXBuildFile; fileRef = 8C247DD617BFE716001EDA03 /* Rating.m */; };
		8C247E3917BFE716001EDA03 /* Season.m in Sources */ = {isa = PBXBuildFile; fileRef = 8C247DD817BFE716001EDA03 /* Season.m */; };
		8C247E3A17BFE716001EDA03 /* Subscription.m in Sources */ = {isa = PBXBuildFile; fileRef = 8C247DDA17BFE716001EDA03 /* Subscription.m */; };
		8C247E3B17BFE716001EDA03 /* Suggestion.m in Sources */ = {isa = PBXBuildFile; fileRef = 8C247DDC17BFE716001EDA03 /* Suggestion.m */; };
		8C247E3C17BFE716001EDA03 /* TvShow.m in Sources */ = {isa = PBXBuildFile; fileRef = 8C247DDE17BFE716001EDA03 /* TvShow.m */; };
		8C247E3D17BFE716001EDA03 /* User.m in Sources */ = {isa = PBXBuildFile; fileRef = 8C247DE017BFE716001EDA03 /* User.m */; };
		8C247E3E17BFE716001EDA03 /* STrackerServerHttpClient.m in Sources */ = {isa = PBXBuildFile; fileRef = 8C247DE317BFE716001EDA03 /* STrackerServerHttpClient.m */; };
		8C247E3F17BFE716001EDA03 /* CommentController.m in Sources */ = {isa = PBXBuildFile; fileRef = 8C247DE617BFE716001EDA03 /* CommentController.m */; };
		8C247E4017BFE716001EDA03 /* EpisodesController.m in Sources */ = {isa = PBXBuildFile; fileRef = 8C247DE817BFE716001EDA03 /* EpisodesController.m */; };
		8C247E4117BFE716001EDA03 /* GenresController.m in Sources */ = {isa = PBXBuildFile; fileRef = 8C247DEA17BFE716001EDA03 /* GenresController.m */; };
		8C247E4217BFE716001EDA03 /* RatingsController.m in Sources */ = {isa = PBXBuildFile; fileRef = 8C247DEC17BFE716001EDA03 /* RatingsController.m */; };
		8C247E4317BFE716001EDA03 /* SeasonsController.m in Sources */ = {isa = PBXBuildFile; fileRef = 8C247DEE17BFE716001EDA03 /* SeasonsController.m */; };
		8C247E4417BFE716001EDA03 /* TvShowsController.m in Sources */ = {isa = PBXBuildFile; fileRef = 8C247DF017BFE716001EDA03 /* TvShowsController.m */; };
		8C247E4517BFE716001EDA03 /* UsersController.m in Sources */ = {isa = PBXBuildFile; fileRef = 8C247DF217BFE716001EDA03 /* UsersController.m */; };
		8C247E4617BFE716001EDA03 /* BaseProfileViewController.m in Sources */ = {isa = PBXBuildFile; fileRef = 8C247DF517BFE716001EDA03 /* BaseProfileViewController.m */; };
		8C247E4717BFE716001EDA03 /* BaseTableViewController.m in Sources */ = {isa = PBXBuildFile; fileRef = 8C247DF717BFE716001EDA03 /* BaseTableViewController.m */; };
		8C247E4817BFE716001EDA03 /* BaseViewController.m in Sources */ = {isa = PBXBuildFile; fileRef = 8C247DF917BFE716001EDA03 /* BaseViewController.m */; };
		8C247E4917BFE716001EDA03 /* CommentsViewController.m in Sources */ = {isa = PBXBuildFile; fileRef = 8C247DFC17BFE716001EDA03 /* CommentsViewController.m */; };
		8C247E4A17BFE716001EDA03 /* CommentViewController.m in Sources */ = {isa = PBXBuildFile; fileRef = 8C247DFE17BFE716001EDA03 /* CommentViewController.m */; };
		8C247E4B17BFE716001EDA03 /* EpisodeCommentsViewController.m in Sources */ = {isa = PBXBuildFile; fileRef = 8C247E0017BFE716001EDA03 /* EpisodeCommentsViewController.m */; };
		8C247E4C17BFE716001EDA03 /* TvShowCommentsViewController.m in Sources */ = {isa = PBXBuildFile; fileRef = 8C247E0217BFE716001EDA03 /* TvShowCommentsViewController.m */; };
		8C247E4D17BFE716001EDA03 /* EpisodeViewController.m in Sources */ = {isa = PBXBuildFile; fileRef = 8C247E0517BFE716001EDA03 /* EpisodeViewController.m */; };
		8C247E4E17BFE716001EDA03 /* FacebookView.m in Sources */ = {isa = PBXBuildFile; fileRef = 8C247E0817BFE716001EDA03 /* FacebookView.m */; };
		8C247E4F17BFE716001EDA03 /* GenresViewController.m in Sources */ = {isa = PBXBuildFile; fileRef = 8C247E0B17BFE716001EDA03 /* GenresViewController.m */; };
		8C247E5017BFE716001EDA03 /* HomeViewController.m in Sources */ = {isa = PBXBuildFile; fileRef = 8C247E0E17BFE716001EDA03 /* HomeViewController.m */; };
		8C247E5117BFE716001EDA03 /* ActorsViewController.m in Sources */ = {isa = PBXBuildFile; fileRef = 8C247E1117BFE716001EDA03 /* ActorsViewController.m */; };
		8C247E5217BFE716001EDA03 /* PersonsViewController.m in Sources */ = {isa = PBXBuildFile; fileRef = 8C247E1317BFE716001EDA03 /* PersonsViewController.m */; };
		8C247E5317BFE716001EDA03 /* UsersViewController.m in Sources */ = {isa = PBXBuildFile; fileRef = 8C247E1517BFE716001EDA03 /* UsersViewController.m */; };
		8C247E5417BFE716001EDA03 /* MyProfileViewController.m in Sources */ = {isa = PBXBuildFile; fileRef = 8C247E1817BFE716001EDA03 /* MyProfileViewController.m */; };
		8C247E5517BFE716001EDA03 /* UserProfileViewController.m in Sources */ = {isa = PBXBuildFile; fileRef = 8C247E1A17BFE716001EDA03 /* UserProfileViewController.m */; };
		8C247E5617BFE716001EDA03 /* RatingsViewController.m in Sources */ = {isa = PBXBuildFile; fileRef = 8C247E1D17BFE716001EDA03 /* RatingsViewController.m */; };
		8C247E5717BFE716001EDA03 /* SeasonsViewController.m in Sources */ = {isa = PBXBuildFile; fileRef = 8C247E2017BFE716001EDA03 /* SeasonsViewController.m */; };
		8C247E5817BFE716001EDA03 /* SeasonViewController.m in Sources */ = {isa = PBXBuildFile; fileRef = 8C247E2217BFE716001EDA03 /* SeasonViewController.m */; };
		8C247E5917BFE716001EDA03 /* UserSubscriptionsViewController.m in Sources */ = {isa = PBXBuildFile; fileRef = 8C247E2517BFE716001EDA03 /* UserSubscriptionsViewController.m */; };
		8C247E5A17BFE716001EDA03 /* SuggestionsViewController.m in Sources */ = {isa = PBXBuildFile; fileRef = 8C247E2817BFE716001EDA03 /* SuggestionsViewController.m */; };
		8C247E5B17BFE716001EDA03 /* SynopsisViewController.m in Sources */ = {isa = PBXBuildFile; fileRef = 8C247E2B17BFE716001EDA03 /* SynopsisViewController.m */; };
		8C247E5C17BFE716001EDA03 /* TvShowsViewController.m in Sources */ = {isa = PBXBuildFile; fileRef = 8C247E2E17BFE716001EDA03 /* TvShowsViewController.m */; };
		8C247E5D17BFE716001EDA03 /* TvShowViewController.m in Sources */ = {isa = PBXBuildFile; fileRef = 8C247E3017BFE716001EDA03 /* TvShowViewController.m */; };
		8C247E6917BFE81D001EDA03 /* BackgroundPattern.png in Resources */ = {isa = PBXBuildFile; fileRef = 8C247E5F17BFE81D001EDA03 /* BackgroundPattern.png */; };
		8C247E6A17BFE81D001EDA03 /* BackgroundPattern2.png in Resources */ = {isa = PBXBuildFile; fileRef = 8C247E6017BFE81D001EDA03 /* BackgroundPattern2.png */; };
		8C247E6B17BFE81D001EDA03 /* Calendar_icon.png in Resources */ = {isa = PBXBuildFile; fileRef = 8C247E6117BFE81D001EDA03 /* Calendar_icon.png */; };
		8C247E6C17BFE81D001EDA03 /* Friends_icon.png in Resources */ = {isa = PBXBuildFile; fileRef = 8C247E6217BFE81D001EDA03 /* Friends_icon.png */; };
		8C247E6D17BFE81D001EDA03 /* Messages_icon.png in Resources */ = {isa = PBXBuildFile; fileRef = 8C247E6317BFE81D001EDA03 /* Messages_icon.png */; };
		8C247E6E17BFE81D001EDA03 /* Options.png in Resources */ = {isa = PBXBuildFile; fileRef = 8C247E6417BFE81D001EDA03 /* Options.png */; };
		8C247E6F17BFE81D001EDA03 /* Profile_icon.png in Resources */ = {isa = PBXBuildFile; fileRef = 8C247E6517BFE81D001EDA03 /* Profile_icon.png */; };
		8C247E7017BFE81D001EDA03 /* Search.png in Resources */ = {isa = PBXBuildFile; fileRef = 8C247E6617BFE81D001EDA03 /* Search.png */; };
		8C247E7117BFE81D001EDA03 /* Shows_icon.png in Resources */ = {isa = PBXBuildFile; fileRef = 8C247E6717BFE81D001EDA03 /* Shows_icon.png */; };
		8C247E7217BFE81D001EDA03 /* star_icon.png in Resources */ = {isa = PBXBuildFile; fileRef = 8C247E6817BFE81D001EDA03 /* star_icon.png */; };
		8C247E7417BFE98C001EDA03 /* CoreTelephony.framework in Frameworks */ = {isa = PBXBuildFile; fileRef = 8C247E7317BFE98C001EDA03 /* CoreTelephony.framework */; };
		8C247E7617BFE993001EDA03 /* AudioToolbox.framework in Frameworks */ = {isa = PBXBuildFile; fileRef = 8C247E7517BFE993001EDA03 /* AudioToolbox.framework */; };
		8C247E7817BFE99B001EDA03 /* AVFoundation.framework in Frameworks */ = {isa = PBXBuildFile; fileRef = 8C247E7717BFE99B001EDA03 /* AVFoundation.framework */; };
		8C247E7A17BFE9A2001EDA03 /* SystemConfiguration.framework in Frameworks */ = {isa = PBXBuildFile; fileRef = 8C247E7917BFE9A2001EDA03 /* SystemConfiguration.framework */; };
		8C247E7C17BFE9A9001EDA03 /* GLKit.framework in Frameworks */ = {isa = PBXBuildFile; fileRef = 8C247E7B17BFE9A9001EDA03 /* GLKit.framework */; };
		8C247E7E17BFE9B1001EDA03 /* OpenGLES.framework in Frameworks */ = {isa = PBXBuildFile; fileRef = 8C247E7D17BFE9B1001EDA03 /* OpenGLES.framework */; };
		8C247E8017BFE9B9001EDA03 /* CoreFoundation.framework in Frameworks */ = {isa = PBXBuildFile; fileRef = 8C247E7F17BFE9B9001EDA03 /* CoreFoundation.framework */; };
		8C247E8217BFE9BF001EDA03 /* QuartzCore.framework in Frameworks */ = {isa = PBXBuildFile; fileRef = 8C247E8117BFE9BF001EDA03 /* QuartzCore.framework */; };
		8C247E8417BFE9C4001EDA03 /* Security.framework in Frameworks */ = {isa = PBXBuildFile; fileRef = 8C247E8317BFE9C4001EDA03 /* Security.framework */; };
		8C247E8617BFE9C9001EDA03 /* Social.framework in Frameworks */ = {isa = PBXBuildFile; fileRef = 8C247E8517BFE9C9001EDA03 /* Social.framework */; settings = {ATTRIBUTES = (Weak, ); }; };
		8C247E8817BFE9CF001EDA03 /* AdSupport.framework in Frameworks */ = {isa = PBXBuildFile; fileRef = 8C247E8717BFE9CF001EDA03 /* AdSupport.framework */; settings = {ATTRIBUTES = (Weak, ); }; };
		8C247E8A17BFE9D5001EDA03 /* Accounts.framework in Frameworks */ = {isa = PBXBuildFile; fileRef = 8C247E8917BFE9D5001EDA03 /* Accounts.framework */; settings = {ATTRIBUTES = (Weak, ); }; };
		8C247E8C17BFE9F7001EDA03 /* CoreLocation.framework in Frameworks */ = {isa = PBXBuildFile; fileRef = 8C247E8B17BFE9F7001EDA03 /* CoreLocation.framework */; };
		8C247E8E17BFEB0C001EDA03 /* FacebookSDK.framework in Frameworks */ = {isa = PBXBuildFile; fileRef = 8C247E8D17BFEB0C001EDA03 /* FacebookSDK.framework */; };
		8C247E9017BFEC8B001EDA03 /* MainStoryboard_iPhone.storyboard in Resources */ = {isa = PBXBuildFile; fileRef = 8C247E8F17BFEC8B001EDA03 /* MainStoryboard_iPhone.storyboard */; };
		8C247E9217BFECA6001EDA03 /* MainStoryboard_iPad.storyboard in Resources */ = {isa = PBXBuildFile; fileRef = 8C247E9117BFECA6001EDA03 /* MainStoryboard_iPad.storyboard */; };
		C38CEC2BC5714EB2A4138477 /* libPods.a in Frameworks */ = {isa = PBXBuildFile; fileRef = 3075BAA5D7374DEF82F4EC34 /* libPods.a */; };
/* End PBXBuildFile section */

/* Begin PBXContainerItemProxy section */
		8C247DB317BFE3D9001EDA03 /* PBXContainerItemProxy */ = {
			isa = PBXContainerItemProxy;
			containerPortal = 8C247D8017BFE3D8001EDA03 /* Project object */;
			proxyType = 1;
			remoteGlobalIDString = 8C247D8717BFE3D9001EDA03;
			remoteInfo = STracker;
		};
/* End PBXContainerItemProxy section */

/* Begin PBXFileReference section */
		3075BAA5D7374DEF82F4EC34 /* libPods.a */ = {isa = PBXFileReference; explicitFileType = archive.ar; includeInIndex = 0; path = libPods.a; sourceTree = BUILT_PRODUCTS_DIR; };
		45795192D21545F78D8BCCCF /* Pods.xcconfig */ = {isa = PBXFileReference; includeInIndex = 1; lastKnownFileType = text.xcconfig; name = Pods.xcconfig; path = ../Pods/Pods.xcconfig; sourceTree = SOURCE_ROOT; };
		8C247D8817BFE3D9001EDA03 /* STracker.app */ = {isa = PBXFileReference; explicitFileType = wrapper.application; includeInIndex = 0; path = STracker.app; sourceTree = BUILT_PRODUCTS_DIR; };
		8C247D8B17BFE3D9001EDA03 /* UIKit.framework */ = {isa = PBXFileReference; lastKnownFileType = wrapper.framework; name = UIKit.framework; path = System/Library/Frameworks/UIKit.framework; sourceTree = SDKROOT; };
		8C247D8D17BFE3D9001EDA03 /* Foundation.framework */ = {isa = PBXFileReference; lastKnownFileType = wrapper.framework; name = Foundation.framework; path = System/Library/Frameworks/Foundation.framework; sourceTree = SDKROOT; };
		8C247D8F17BFE3D9001EDA03 /* CoreGraphics.framework */ = {isa = PBXFileReference; lastKnownFileType = wrapper.framework; name = CoreGraphics.framework; path = System/Library/Frameworks/CoreGraphics.framework; sourceTree = SDKROOT; };
		8C247D9117BFE3D9001EDA03 /* CoreData.framework */ = {isa = PBXFileReference; lastKnownFileType = wrapper.framework; name = CoreData.framework; path = System/Library/Frameworks/CoreData.framework; sourceTree = SDKROOT; };
		8C247D9517BFE3D9001EDA03 /* STracker-Info.plist */ = {isa = PBXFileReference; lastKnownFileType = text.plist.xml; path = "STracker-Info.plist"; sourceTree = "<group>"; };
		8C247D9717BFE3D9001EDA03 /* en */ = {isa = PBXFileReference; lastKnownFileType = text.plist.strings; name = en; path = en.lproj/InfoPlist.strings; sourceTree = "<group>"; };
		8C247D9917BFE3D9001EDA03 /* main.m */ = {isa = PBXFileReference; lastKnownFileType = sourcecode.c.objc; path = main.m; sourceTree = "<group>"; };
		8C247D9B17BFE3D9001EDA03 /* STracker-Prefix.pch */ = {isa = PBXFileReference; lastKnownFileType = sourcecode.c.h; path = "STracker-Prefix.pch"; sourceTree = "<group>"; };
		8C247D9C17BFE3D9001EDA03 /* AppDelegate.h */ = {isa = PBXFileReference; lastKnownFileType = sourcecode.c.h; path = AppDelegate.h; sourceTree = "<group>"; };
		8C247D9D17BFE3D9001EDA03 /* AppDelegate.m */ = {isa = PBXFileReference; lastKnownFileType = sourcecode.c.objc; path = AppDelegate.m; sourceTree = "<group>"; };
		8C247D9F17BFE3D9001EDA03 /* Default.png */ = {isa = PBXFileReference; lastKnownFileType = image.png; path = Default.png; sourceTree = "<group>"; };
		8C247DA117BFE3D9001EDA03 /* Default@2x.png */ = {isa = PBXFileReference; lastKnownFileType = image.png; path = "Default@2x.png"; sourceTree = "<group>"; };
		8C247DA317BFE3D9001EDA03 /* Default-568h@2x.png */ = {isa = PBXFileReference; lastKnownFileType = image.png; path = "Default-568h@2x.png"; sourceTree = "<group>"; };
		8C247DA617BFE3D9001EDA03 /* STracker.xcdatamodel */ = {isa = PBXFileReference; lastKnownFileType = wrapper.xcdatamodel; path = STracker.xcdatamodel; sourceTree = "<group>"; };
		8C247DAD17BFE3D9001EDA03 /* STrackerTests.octest */ = {isa = PBXFileReference; explicitFileType = wrapper.cfbundle; includeInIndex = 0; path = STrackerTests.octest; sourceTree = BUILT_PRODUCTS_DIR; };
		8C247DAE17BFE3D9001EDA03 /* SenTestingKit.framework */ = {isa = PBXFileReference; lastKnownFileType = wrapper.framework; name = SenTestingKit.framework; path = Library/Frameworks/SenTestingKit.framework; sourceTree = DEVELOPER_DIR; };
		8C247DB717BFE3D9001EDA03 /* STrackerTests-Info.plist */ = {isa = PBXFileReference; lastKnownFileType = text.plist.xml; path = "STrackerTests-Info.plist"; sourceTree = "<group>"; };
		8C247DB917BFE3D9001EDA03 /* en */ = {isa = PBXFileReference; lastKnownFileType = text.plist.strings; name = en; path = en.lproj/InfoPlist.strings; sourceTree = "<group>"; };
		8C247DBB17BFE3D9001EDA03 /* STrackerTests.h */ = {isa = PBXFileReference; lastKnownFileType = sourcecode.c.h; path = STrackerTests.h; sourceTree = "<group>"; };
		8C247DBC17BFE3D9001EDA03 /* STrackerTests.m */ = {isa = PBXFileReference; lastKnownFileType = sourcecode.c.objc; path = STrackerTests.m; sourceTree = "<group>"; };
		8C247DC717BFE716001EDA03 /* Actor.h */ = {isa = PBXFileReference; fileEncoding = 4; lastKnownFileType = sourcecode.c.h; path = Actor.h; sourceTree = "<group>"; };
		8C247DC817BFE716001EDA03 /* Actor.m */ = {isa = PBXFileReference; fileEncoding = 4; lastKnownFileType = sourcecode.c.objc; path = Actor.m; sourceTree = "<group>"; };
		8C247DC917BFE716001EDA03 /* Comment.h */ = {isa = PBXFileReference; fileEncoding = 4; lastKnownFileType = sourcecode.c.h; path = Comment.h; sourceTree = "<group>"; };
		8C247DCA17BFE716001EDA03 /* Comment.m */ = {isa = PBXFileReference; fileEncoding = 4; lastKnownFileType = sourcecode.c.objc; path = Comment.m; sourceTree = "<group>"; };
		8C247DCB17BFE716001EDA03 /* Entity.h */ = {isa = PBXFileReference; fileEncoding = 4; lastKnownFileType = sourcecode.c.h; path = Entity.h; sourceTree = "<group>"; };
		8C247DCC17BFE716001EDA03 /* Entity.m */ = {isa = PBXFileReference; fileEncoding = 4; lastKnownFileType = sourcecode.c.objc; path = Entity.m; sourceTree = "<group>"; };
		8C247DCD17BFE716001EDA03 /* Episode.h */ = {isa = PBXFileReference; fileEncoding = 4; lastKnownFileType = sourcecode.c.h; path = Episode.h; sourceTree = "<group>"; };
		8C247DCE17BFE716001EDA03 /* Episode.m */ = {isa = PBXFileReference; fileEncoding = 4; lastKnownFileType = sourcecode.c.objc; path = Episode.m; sourceTree = "<group>"; };
		8C247DCF17BFE716001EDA03 /* Genre.h */ = {isa = PBXFileReference; fileEncoding = 4; lastKnownFileType = sourcecode.c.h; path = Genre.h; sourceTree = "<group>"; };
		8C247DD017BFE716001EDA03 /* Genre.m */ = {isa = PBXFileReference; fileEncoding = 4; lastKnownFileType = sourcecode.c.objc; path = Genre.m; sourceTree = "<group>"; };
		8C247DD117BFE716001EDA03 /* Person.h */ = {isa = PBXFileReference; fileEncoding = 4; lastKnownFileType = sourcecode.c.h; path = Person.h; sourceTree = "<group>"; };
		8C247DD217BFE716001EDA03 /* Person.m */ = {isa = PBXFileReference; fileEncoding = 4; lastKnownFileType = sourcecode.c.objc; path = Person.m; sourceTree = "<group>"; };
		8C247DD317BFE716001EDA03 /* Range.h */ = {isa = PBXFileReference; fileEncoding = 4; lastKnownFileType = sourcecode.c.h; path = Range.h; sourceTree = "<group>"; };
		8C247DD417BFE716001EDA03 /* Range.m */ = {isa = PBXFileReference; fileEncoding = 4; lastKnownFileType = sourcecode.c.objc; path = Range.m; sourceTree = "<group>"; };
		8C247DD517BFE716001EDA03 /* Rating.h */ = {isa = PBXFileReference; fileEncoding = 4; lastKnownFileType = sourcecode.c.h; path = Rating.h; sourceTree = "<group>"; };
		8C247DD617BFE716001EDA03 /* Rating.m */ = {isa = PBXFileReference; fileEncoding = 4; lastKnownFileType = sourcecode.c.objc; path = Rating.m; sourceTree = "<group>"; };
		8C247DD717BFE716001EDA03 /* Season.h */ = {isa = PBXFileReference; fileEncoding = 4; lastKnownFileType = sourcecode.c.h; path = Season.h; sourceTree = "<group>"; };
		8C247DD817BFE716001EDA03 /* Season.m */ = {isa = PBXFileReference; fileEncoding = 4; lastKnownFileType = sourcecode.c.objc; path = Season.m; sourceTree = "<group>"; };
		8C247DD917BFE716001EDA03 /* Subscription.h */ = {isa = PBXFileReference; fileEncoding = 4; lastKnownFileType = sourcecode.c.h; path = Subscription.h; sourceTree = "<group>"; };
		8C247DDA17BFE716001EDA03 /* Subscription.m */ = {isa = PBXFileReference; fileEncoding = 4; lastKnownFileType = sourcecode.c.objc; path = Subscription.m; sourceTree = "<group>"; };
		8C247DDB17BFE716001EDA03 /* Suggestion.h */ = {isa = PBXFileReference; fileEncoding = 4; lastKnownFileType = sourcecode.c.h; path = Suggestion.h; sourceTree = "<group>"; };
		8C247DDC17BFE716001EDA03 /* Suggestion.m */ = {isa = PBXFileReference; fileEncoding = 4; lastKnownFileType = sourcecode.c.objc; path = Suggestion.m; sourceTree = "<group>"; };
		8C247DDD17BFE716001EDA03 /* TvShow.h */ = {isa = PBXFileReference; fileEncoding = 4; lastKnownFileType = sourcecode.c.h; path = TvShow.h; sourceTree = "<group>"; };
		8C247DDE17BFE716001EDA03 /* TvShow.m */ = {isa = PBXFileReference; fileEncoding = 4; lastKnownFileType = sourcecode.c.objc; path = TvShow.m; sourceTree = "<group>"; };
		8C247DDF17BFE716001EDA03 /* User.h */ = {isa = PBXFileReference; fileEncoding = 4; lastKnownFileType = sourcecode.c.h; path = User.h; sourceTree = "<group>"; };
		8C247DE017BFE716001EDA03 /* User.m */ = {isa = PBXFileReference; fileEncoding = 4; lastKnownFileType = sourcecode.c.objc; path = User.m; sourceTree = "<group>"; };
		8C247DE217BFE716001EDA03 /* STrackerServerHttpClient.h */ = {isa = PBXFileReference; fileEncoding = 4; lastKnownFileType = sourcecode.c.h; path = STrackerServerHttpClient.h; sourceTree = "<group>"; };
		8C247DE317BFE716001EDA03 /* STrackerServerHttpClient.m */ = {isa = PBXFileReference; fileEncoding = 4; lastKnownFileType = sourcecode.c.objc; path = STrackerServerHttpClient.m; sourceTree = "<group>"; };
		8C247DE517BFE716001EDA03 /* CommentController.h */ = {isa = PBXFileReference; fileEncoding = 4; lastKnownFileType = sourcecode.c.h; path = CommentController.h; sourceTree = "<group>"; };
		8C247DE617BFE716001EDA03 /* CommentController.m */ = {isa = PBXFileReference; fileEncoding = 4; lastKnownFileType = sourcecode.c.objc; path = CommentController.m; sourceTree = "<group>"; };
		8C247DE717BFE716001EDA03 /* EpisodesController.h */ = {isa = PBXFileReference; fileEncoding = 4; lastKnownFileType = sourcecode.c.h; path = EpisodesController.h; sourceTree = "<group>"; };
		8C247DE817BFE716001EDA03 /* EpisodesController.m */ = {isa = PBXFileReference; fileEncoding = 4; lastKnownFileType = sourcecode.c.objc; path = EpisodesController.m; sourceTree = "<group>"; };
		8C247DE917BFE716001EDA03 /* GenresController.h */ = {isa = PBXFileReference; fileEncoding = 4; lastKnownFileType = sourcecode.c.h; path = GenresController.h; sourceTree = "<group>"; };
		8C247DEA17BFE716001EDA03 /* GenresController.m */ = {isa = PBXFileReference; fileEncoding = 4; lastKnownFileType = sourcecode.c.objc; path = GenresController.m; sourceTree = "<group>"; };
		8C247DEB17BFE716001EDA03 /* RatingsController.h */ = {isa = PBXFileReference; fileEncoding = 4; lastKnownFileType = sourcecode.c.h; path = RatingsController.h; sourceTree = "<group>"; };
		8C247DEC17BFE716001EDA03 /* RatingsController.m */ = {isa = PBXFileReference; fileEncoding = 4; lastKnownFileType = sourcecode.c.objc; path = RatingsController.m; sourceTree = "<group>"; };
		8C247DED17BFE716001EDA03 /* SeasonsController.h */ = {isa = PBXFileReference; fileEncoding = 4; lastKnownFileType = sourcecode.c.h; path = SeasonsController.h; sourceTree = "<group>"; };
		8C247DEE17BFE716001EDA03 /* SeasonsController.m */ = {isa = PBXFileReference; fileEncoding = 4; lastKnownFileType = sourcecode.c.objc; path = SeasonsController.m; sourceTree = "<group>"; };
		8C247DEF17BFE716001EDA03 /* TvShowsController.h */ = {isa = PBXFileReference; fileEncoding = 4; lastKnownFileType = sourcecode.c.h; path = TvShowsController.h; sourceTree = "<group>"; };
		8C247DF017BFE716001EDA03 /* TvShowsController.m */ = {isa = PBXFileReference; fileEncoding = 4; lastKnownFileType = sourcecode.c.objc; path = TvShowsController.m; sourceTree = "<group>"; };
		8C247DF117BFE716001EDA03 /* UsersController.h */ = {isa = PBXFileReference; fileEncoding = 4; lastKnownFileType = sourcecode.c.h; path = UsersController.h; sourceTree = "<group>"; };
		8C247DF217BFE716001EDA03 /* UsersController.m */ = {isa = PBXFileReference; fileEncoding = 4; lastKnownFileType = sourcecode.c.objc; path = UsersController.m; sourceTree = "<group>"; };
		8C247DF417BFE716001EDA03 /* BaseProfileViewController.h */ = {isa = PBXFileReference; fileEncoding = 4; lastKnownFileType = sourcecode.c.h; path = BaseProfileViewController.h; sourceTree = "<group>"; };
		8C247DF517BFE716001EDA03 /* BaseProfileViewController.m */ = {isa = PBXFileReference; fileEncoding = 4; lastKnownFileType = sourcecode.c.objc; path = BaseProfileViewController.m; sourceTree = "<group>"; };
		8C247DF617BFE716001EDA03 /* BaseTableViewController.h */ = {isa = PBXFileReference; fileEncoding = 4; lastKnownFileType = sourcecode.c.h; path = BaseTableViewController.h; sourceTree = "<group>"; };
		8C247DF717BFE716001EDA03 /* BaseTableViewController.m */ = {isa = PBXFileReference; fileEncoding = 4; lastKnownFileType = sourcecode.c.objc; path = BaseTableViewController.m; sourceTree = "<group>"; };
		8C247DF817BFE716001EDA03 /* BaseViewController.h */ = {isa = PBXFileReference; fileEncoding = 4; lastKnownFileType = sourcecode.c.h; path = BaseViewController.h; sourceTree = "<group>"; };
		8C247DF917BFE716001EDA03 /* BaseViewController.m */ = {isa = PBXFileReference; fileEncoding = 4; lastKnownFileType = sourcecode.c.objc; path = BaseViewController.m; sourceTree = "<group>"; };
		8C247DFB17BFE716001EDA03 /* CommentsViewController.h */ = {isa = PBXFileReference; fileEncoding = 4; lastKnownFileType = sourcecode.c.h; path = CommentsViewController.h; sourceTree = "<group>"; };
		8C247DFC17BFE716001EDA03 /* CommentsViewController.m */ = {isa = PBXFileReference; fileEncoding = 4; lastKnownFileType = sourcecode.c.objc; path = CommentsViewController.m; sourceTree = "<group>"; };
		8C247DFD17BFE716001EDA03 /* CommentViewController.h */ = {isa = PBXFileReference; fileEncoding = 4; lastKnownFileType = sourcecode.c.h; path = CommentViewController.h; sourceTree = "<group>"; };
		8C247DFE17BFE716001EDA03 /* CommentViewController.m */ = {isa = PBXFileReference; fileEncoding = 4; lastKnownFileType = sourcecode.c.objc; path = CommentViewController.m; sourceTree = "<group>"; };
		8C247DFF17BFE716001EDA03 /* EpisodeCommentsViewController.h */ = {isa = PBXFileReference; fileEncoding = 4; lastKnownFileType = sourcecode.c.h; path = EpisodeCommentsViewController.h; sourceTree = "<group>"; };
		8C247E0017BFE716001EDA03 /* EpisodeCommentsViewController.m */ = {isa = PBXFileReference; fileEncoding = 4; lastKnownFileType = sourcecode.c.objc; path = EpisodeCommentsViewController.m; sourceTree = "<group>"; };
		8C247E0117BFE716001EDA03 /* TvShowCommentsViewController.h */ = {isa = PBXFileReference; fileEncoding = 4; lastKnownFileType = sourcecode.c.h; path = TvShowCommentsViewController.h; sourceTree = "<group>"; };
		8C247E0217BFE716001EDA03 /* TvShowCommentsViewController.m */ = {isa = PBXFileReference; fileEncoding = 4; lastKnownFileType = sourcecode.c.objc; path = TvShowCommentsViewController.m; sourceTree = "<group>"; };
		8C247E0417BFE716001EDA03 /* EpisodeViewController.h */ = {isa = PBXFileReference; fileEncoding = 4; lastKnownFileType = sourcecode.c.h; path = EpisodeViewController.h; sourceTree = "<group>"; };
		8C247E0517BFE716001EDA03 /* EpisodeViewController.m */ = {isa = PBXFileReference; fileEncoding = 4; lastKnownFileType = sourcecode.c.objc; path = EpisodeViewController.m; sourceTree = "<group>"; };
		8C247E0717BFE716001EDA03 /* FacebookView.h */ = {isa = PBXFileReference; fileEncoding = 4; lastKnownFileType = sourcecode.c.h; path = FacebookView.h; sourceTree = "<group>"; };
		8C247E0817BFE716001EDA03 /* FacebookView.m */ = {isa = PBXFileReference; fileEncoding = 4; lastKnownFileType = sourcecode.c.objc; path = FacebookView.m; sourceTree = "<group>"; };
		8C247E0A17BFE716001EDA03 /* GenresViewController.h */ = {isa = PBXFileReference; fileEncoding = 4; lastKnownFileType = sourcecode.c.h; path = GenresViewController.h; sourceTree = "<group>"; };
		8C247E0B17BFE716001EDA03 /* GenresViewController.m */ = {isa = PBXFileReference; fileEncoding = 4; lastKnownFileType = sourcecode.c.objc; path = GenresViewController.m; sourceTree = "<group>"; };
		8C247E0D17BFE716001EDA03 /* HomeViewController.h */ = {isa = PBXFileReference; fileEncoding = 4; lastKnownFileType = sourcecode.c.h; path = HomeViewController.h; sourceTree = "<group>"; };
		8C247E0E17BFE716001EDA03 /* HomeViewController.m */ = {isa = PBXFileReference; fileEncoding = 4; lastKnownFileType = sourcecode.c.objc; path = HomeViewController.m; sourceTree = "<group>"; };
		8C247E1017BFE716001EDA03 /* ActorsViewController.h */ = {isa = PBXFileReference; fileEncoding = 4; lastKnownFileType = sourcecode.c.h; path = ActorsViewController.h; sourceTree = "<group>"; };
		8C247E1117BFE716001EDA03 /* ActorsViewController.m */ = {isa = PBXFileReference; fileEncoding = 4; lastKnownFileType = sourcecode.c.objc; path = ActorsViewController.m; sourceTree = "<group>"; };
		8C247E1217BFE716001EDA03 /* PersonsViewController.h */ = {isa = PBXFileReference; fileEncoding = 4; lastKnownFileType = sourcecode.c.h; path = PersonsViewController.h; sourceTree = "<group>"; };
		8C247E1317BFE716001EDA03 /* PersonsViewController.m */ = {isa = PBXFileReference; fileEncoding = 4; lastKnownFileType = sourcecode.c.objc; path = PersonsViewController.m; sourceTree = "<group>"; };
		8C247E1417BFE716001EDA03 /* UsersViewController.h */ = {isa = PBXFileReference; fileEncoding = 4; lastKnownFileType = sourcecode.c.h; path = UsersViewController.h; sourceTree = "<group>"; };
		8C247E1517BFE716001EDA03 /* UsersViewController.m */ = {isa = PBXFileReference; fileEncoding = 4; lastKnownFileType = sourcecode.c.objc; path = UsersViewController.m; sourceTree = "<group>"; };
		8C247E1717BFE716001EDA03 /* MyProfileViewController.h */ = {isa = PBXFileReference; fileEncoding = 4; lastKnownFileType = sourcecode.c.h; path = MyProfileViewController.h; sourceTree = "<group>"; };
		8C247E1817BFE716001EDA03 /* MyProfileViewController.m */ = {isa = PBXFileReference; fileEncoding = 4; lastKnownFileType = sourcecode.c.objc; path = MyProfileViewController.m; sourceTree = "<group>"; };
		8C247E1917BFE716001EDA03 /* UserProfileViewController.h */ = {isa = PBXFileReference; fileEncoding = 4; lastKnownFileType = sourcecode.c.h; path = UserProfileViewController.h; sourceTree = "<group>"; };
		8C247E1A17BFE716001EDA03 /* UserProfileViewController.m */ = {isa = PBXFileReference; fileEncoding = 4; lastKnownFileType = sourcecode.c.objc; path = UserProfileViewController.m; sourceTree = "<group>"; };
		8C247E1C17BFE716001EDA03 /* RatingsViewController.h */ = {isa = PBXFileReference; fileEncoding = 4; lastKnownFileType = sourcecode.c.h; path = RatingsViewController.h; sourceTree = "<group>"; };
		8C247E1D17BFE716001EDA03 /* RatingsViewController.m */ = {isa = PBXFileReference; fileEncoding = 4; lastKnownFileType = sourcecode.c.objc; path = RatingsViewController.m; sourceTree = "<group>"; };
		8C247E1F17BFE716001EDA03 /* SeasonsViewController.h */ = {isa = PBXFileReference; fileEncoding = 4; lastKnownFileType = sourcecode.c.h; path = SeasonsViewController.h; sourceTree = "<group>"; };
		8C247E2017BFE716001EDA03 /* SeasonsViewController.m */ = {isa = PBXFileReference; fileEncoding = 4; lastKnownFileType = sourcecode.c.objc; path = SeasonsViewController.m; sourceTree = "<group>"; };
		8C247E2117BFE716001EDA03 /* SeasonViewController.h */ = {isa = PBXFileReference; fileEncoding = 4; lastKnownFileType = sourcecode.c.h; path = SeasonViewController.h; sourceTree = "<group>"; };
		8C247E2217BFE716001EDA03 /* SeasonViewController.m */ = {isa = PBXFileReference; fileEncoding = 4; lastKnownFileType = sourcecode.c.objc; path = SeasonViewController.m; sourceTree = "<group>"; };
		8C247E2417BFE716001EDA03 /* UserSubscriptionsViewController.h */ = {isa = PBXFileReference; fileEncoding = 4; lastKnownFileType = sourcecode.c.h; path = UserSubscriptionsViewController.h; sourceTree = "<group>"; };
		8C247E2517BFE716001EDA03 /* UserSubscriptionsViewController.m */ = {isa = PBXFileReference; fileEncoding = 4; lastKnownFileType = sourcecode.c.objc; path = UserSubscriptionsViewController.m; sourceTree = "<group>"; };
		8C247E2717BFE716001EDA03 /* SuggestionsViewController.h */ = {isa = PBXFileReference; fileEncoding = 4; lastKnownFileType = sourcecode.c.h; path = SuggestionsViewController.h; sourceTree = "<group>"; };
		8C247E2817BFE716001EDA03 /* SuggestionsViewController.m */ = {isa = PBXFileReference; fileEncoding = 4; lastKnownFileType = sourcecode.c.objc; path = SuggestionsViewController.m; sourceTree = "<group>"; };
		8C247E2A17BFE716001EDA03 /* SynopsisViewController.h */ = {isa = PBXFileReference; fileEncoding = 4; lastKnownFileType = sourcecode.c.h; path = SynopsisViewController.h; sourceTree = "<group>"; };
		8C247E2B17BFE716001EDA03 /* SynopsisViewController.m */ = {isa = PBXFileReference; fileEncoding = 4; lastKnownFileType = sourcecode.c.objc; path = SynopsisViewController.m; sourceTree = "<group>"; };
		8C247E2D17BFE716001EDA03 /* TvShowsViewController.h */ = {isa = PBXFileReference; fileEncoding = 4; lastKnownFileType = sourcecode.c.h; path = TvShowsViewController.h; sourceTree = "<group>"; };
		8C247E2E17BFE716001EDA03 /* TvShowsViewController.m */ = {isa = PBXFileReference; fileEncoding = 4; lastKnownFileType = sourcecode.c.objc; path = TvShowsViewController.m; sourceTree = "<group>"; };
		8C247E2F17BFE716001EDA03 /* TvShowViewController.h */ = {isa = PBXFileReference; fileEncoding = 4; lastKnownFileType = sourcecode.c.h; path = TvShowViewController.h; sourceTree = "<group>"; };
		8C247E3017BFE716001EDA03 /* TvShowViewController.m */ = {isa = PBXFileReference; fileEncoding = 4; lastKnownFileType = sourcecode.c.objc; path = TvShowViewController.m; sourceTree = "<group>"; };
		8C247E5F17BFE81D001EDA03 /* BackgroundPattern.png */ = {isa = PBXFileReference; lastKnownFileType = image.png; path = BackgroundPattern.png; sourceTree = "<group>"; };
		8C247E6017BFE81D001EDA03 /* BackgroundPattern2.png */ = {isa = PBXFileReference; lastKnownFileType = image.png; path = BackgroundPattern2.png; sourceTree = "<group>"; };
		8C247E6117BFE81D001EDA03 /* Calendar_icon.png */ = {isa = PBXFileReference; lastKnownFileType = image.png; path = Calendar_icon.png; sourceTree = "<group>"; };
		8C247E6217BFE81D001EDA03 /* Friends_icon.png */ = {isa = PBXFileReference; lastKnownFileType = image.png; path = Friends_icon.png; sourceTree = "<group>"; };
		8C247E6317BFE81D001EDA03 /* Messages_icon.png */ = {isa = PBXFileReference; lastKnownFileType = image.png; path = Messages_icon.png; sourceTree = "<group>"; };
		8C247E6417BFE81D001EDA03 /* Options.png */ = {isa = PBXFileReference; lastKnownFileType = image.png; path = Options.png; sourceTree = "<group>"; };
		8C247E6517BFE81D001EDA03 /* Profile_icon.png */ = {isa = PBXFileReference; lastKnownFileType = image.png; path = Profile_icon.png; sourceTree = "<group>"; };
		8C247E6617BFE81D001EDA03 /* Search.png */ = {isa = PBXFileReference; lastKnownFileType = image.png; path = Search.png; sourceTree = "<group>"; };
		8C247E6717BFE81D001EDA03 /* Shows_icon.png */ = {isa = PBXFileReference; lastKnownFileType = image.png; path = Shows_icon.png; sourceTree = "<group>"; };
		8C247E6817BFE81D001EDA03 /* star_icon.png */ = {isa = PBXFileReference; lastKnownFileType = image.png; path = star_icon.png; sourceTree = "<group>"; };
		8C247E7317BFE98C001EDA03 /* CoreTelephony.framework */ = {isa = PBXFileReference; lastKnownFileType = wrapper.framework; name = CoreTelephony.framework; path = System/Library/Frameworks/CoreTelephony.framework; sourceTree = SDKROOT; };
		8C247E7517BFE993001EDA03 /* AudioToolbox.framework */ = {isa = PBXFileReference; lastKnownFileType = wrapper.framework; name = AudioToolbox.framework; path = System/Library/Frameworks/AudioToolbox.framework; sourceTree = SDKROOT; };
		8C247E7717BFE99B001EDA03 /* AVFoundation.framework */ = {isa = PBXFileReference; lastKnownFileType = wrapper.framework; name = AVFoundation.framework; path = System/Library/Frameworks/AVFoundation.framework; sourceTree = SDKROOT; };
		8C247E7917BFE9A2001EDA03 /* SystemConfiguration.framework */ = {isa = PBXFileReference; lastKnownFileType = wrapper.framework; name = SystemConfiguration.framework; path = System/Library/Frameworks/SystemConfiguration.framework; sourceTree = SDKROOT; };
		8C247E7B17BFE9A9001EDA03 /* GLKit.framework */ = {isa = PBXFileReference; lastKnownFileType = wrapper.framework; name = GLKit.framework; path = System/Library/Frameworks/GLKit.framework; sourceTree = SDKROOT; };
		8C247E7D17BFE9B1001EDA03 /* OpenGLES.framework */ = {isa = PBXFileReference; lastKnownFileType = wrapper.framework; name = OpenGLES.framework; path = System/Library/Frameworks/OpenGLES.framework; sourceTree = SDKROOT; };
		8C247E7F17BFE9B9001EDA03 /* CoreFoundation.framework */ = {isa = PBXFileReference; lastKnownFileType = wrapper.framework; name = CoreFoundation.framework; path = System/Library/Frameworks/CoreFoundation.framework; sourceTree = SDKROOT; };
		8C247E8117BFE9BF001EDA03 /* QuartzCore.framework */ = {isa = PBXFileReference; lastKnownFileType = wrapper.framework; name = QuartzCore.framework; path = System/Library/Frameworks/QuartzCore.framework; sourceTree = SDKROOT; };
		8C247E8317BFE9C4001EDA03 /* Security.framework */ = {isa = PBXFileReference; lastKnownFileType = wrapper.framework; name = Security.framework; path = System/Library/Frameworks/Security.framework; sourceTree = SDKROOT; };
		8C247E8517BFE9C9001EDA03 /* Social.framework */ = {isa = PBXFileReference; lastKnownFileType = wrapper.framework; name = Social.framework; path = System/Library/Frameworks/Social.framework; sourceTree = SDKROOT; };
		8C247E8717BFE9CF001EDA03 /* AdSupport.framework */ = {isa = PBXFileReference; lastKnownFileType = wrapper.framework; name = AdSupport.framework; path = System/Library/Frameworks/AdSupport.framework; sourceTree = SDKROOT; };
		8C247E8917BFE9D5001EDA03 /* Accounts.framework */ = {isa = PBXFileReference; lastKnownFileType = wrapper.framework; name = Accounts.framework; path = System/Library/Frameworks/Accounts.framework; sourceTree = SDKROOT; };
		8C247E8B17BFE9F7001EDA03 /* CoreLocation.framework */ = {isa = PBXFileReference; lastKnownFileType = wrapper.framework; name = CoreLocation.framework; path = System/Library/Frameworks/CoreLocation.framework; sourceTree = SDKROOT; };
		8C247E8D17BFEB0C001EDA03 /* FacebookSDK.framework */ = {isa = PBXFileReference; lastKnownFileType = wrapper.framework; path = FacebookSDK.framework; sourceTree = "<group>"; };
		8C247E8F17BFEC8B001EDA03 /* MainStoryboard_iPhone.storyboard */ = {isa = PBXFileReference; fileEncoding = 4; lastKnownFileType = file.storyboard; path = MainStoryboard_iPhone.storyboard; sourceTree = "<group>"; };
		8C247E9117BFECA6001EDA03 /* MainStoryboard_iPad.storyboard */ = {isa = PBXFileReference; fileEncoding = 4; lastKnownFileType = file.storyboard; path = MainStoryboard_iPad.storyboard; sourceTree = "<group>"; };
/* End PBXFileReference section */

/* Begin PBXFrameworksBuildPhase section */
		8C247D8517BFE3D9001EDA03 /* Frameworks */ = {
			isa = PBXFrameworksBuildPhase;
			buildActionMask = 2147483647;
			files = (
				8C247E8C17BFE9F7001EDA03 /* CoreLocation.framework in Frameworks */,
				8C247D9017BFE3D9001EDA03 /* CoreGraphics.framework in Frameworks */,
				8C247D8E17BFE3D9001EDA03 /* Foundation.framework in Frameworks */,
				8C247D8C17BFE3D9001EDA03 /* UIKit.framework in Frameworks */,
				8C247E8A17BFE9D5001EDA03 /* Accounts.framework in Frameworks */,
				8C247E8817BFE9CF001EDA03 /* AdSupport.framework in Frameworks */,
				8C247E8617BFE9C9001EDA03 /* Social.framework in Frameworks */,
				8C247E8417BFE9C4001EDA03 /* Security.framework in Frameworks */,
				8C247E8217BFE9BF001EDA03 /* QuartzCore.framework in Frameworks */,
				8C247E8017BFE9B9001EDA03 /* CoreFoundation.framework in Frameworks */,
				8C247E7E17BFE9B1001EDA03 /* OpenGLES.framework in Frameworks */,
				8C247E7C17BFE9A9001EDA03 /* GLKit.framework in Frameworks */,
				8C247E7A17BFE9A2001EDA03 /* SystemConfiguration.framework in Frameworks */,
				8C247E7817BFE99B001EDA03 /* AVFoundation.framework in Frameworks */,
				8C247E7617BFE993001EDA03 /* AudioToolbox.framework in Frameworks */,
				8C247E7417BFE98C001EDA03 /* CoreTelephony.framework in Frameworks */,
				8C247D9217BFE3D9001EDA03 /* CoreData.framework in Frameworks */,
				8C247E8E17BFEB0C001EDA03 /* FacebookSDK.framework in Frameworks */,
				C38CEC2BC5714EB2A4138477 /* libPods.a in Frameworks */,
			);
			runOnlyForDeploymentPostprocessing = 0;
		};
		8C247DA917BFE3D9001EDA03 /* Frameworks */ = {
			isa = PBXFrameworksBuildPhase;
			buildActionMask = 2147483647;
			files = (
				8C247DAF17BFE3D9001EDA03 /* SenTestingKit.framework in Frameworks */,
				8C247DB017BFE3D9001EDA03 /* UIKit.framework in Frameworks */,
				8C247DB117BFE3D9001EDA03 /* Foundation.framework in Frameworks */,
				8C247DB217BFE3D9001EDA03 /* CoreData.framework in Frameworks */,
			);
			runOnlyForDeploymentPostprocessing = 0;
		};
/* End PBXFrameworksBuildPhase section */

/* Begin PBXGroup section */
		8C247D7F17BFE3D8001EDA03 = {
			isa = PBXGroup;
			children = (
				8C247D9317BFE3D9001EDA03 /* STracker */,
				8C247DB517BFE3D9001EDA03 /* STrackerTests */,
				8C247D8A17BFE3D9001EDA03 /* Frameworks */,
				8C247D8917BFE3D9001EDA03 /* Products */,
				45795192D21545F78D8BCCCF /* Pods.xcconfig */,
			);
			sourceTree = "<group>";
		};
		8C247D8917BFE3D9001EDA03 /* Products */ = {
			isa = PBXGroup;
			children = (
				8C247D8817BFE3D9001EDA03 /* STracker.app */,
				8C247DAD17BFE3D9001EDA03 /* STrackerTests.octest */,
			);
			name = Products;
			sourceTree = "<group>";
		};
		8C247D8A17BFE3D9001EDA03 /* Frameworks */ = {
			isa = PBXGroup;
			children = (
				8C247E8D17BFEB0C001EDA03 /* FacebookSDK.framework */,
				8C247E8B17BFE9F7001EDA03 /* CoreLocation.framework */,
				8C247E8917BFE9D5001EDA03 /* Accounts.framework */,
				8C247E8717BFE9CF001EDA03 /* AdSupport.framework */,
				8C247E8517BFE9C9001EDA03 /* Social.framework */,
				8C247E8317BFE9C4001EDA03 /* Security.framework */,
				8C247E8117BFE9BF001EDA03 /* QuartzCore.framework */,
				8C247E7F17BFE9B9001EDA03 /* CoreFoundation.framework */,
				8C247E7D17BFE9B1001EDA03 /* OpenGLES.framework */,
				8C247E7B17BFE9A9001EDA03 /* GLKit.framework */,
				8C247E7917BFE9A2001EDA03 /* SystemConfiguration.framework */,
				8C247E7717BFE99B001EDA03 /* AVFoundation.framework */,
				8C247E7517BFE993001EDA03 /* AudioToolbox.framework */,
				8C247E7317BFE98C001EDA03 /* CoreTelephony.framework */,
				8C247D8B17BFE3D9001EDA03 /* UIKit.framework */,
				8C247D8D17BFE3D9001EDA03 /* Foundation.framework */,
				8C247D8F17BFE3D9001EDA03 /* CoreGraphics.framework */,
				8C247D9117BFE3D9001EDA03 /* CoreData.framework */,
				8C247DAE17BFE3D9001EDA03 /* SenTestingKit.framework */,
				3075BAA5D7374DEF82F4EC34 /* libPods.a */,
			);
			name = Frameworks;
			sourceTree = "<group>";
		};
		8C247D9317BFE3D9001EDA03 /* STracker */ = {
			isa = PBXGroup;
			children = (
				8C247E8F17BFEC8B001EDA03 /* MainStoryboard_iPhone.storyboard */,
				8C247E9117BFECA6001EDA03 /* MainStoryboard_iPad.storyboard */,
				8C247DA517BFE3D9001EDA03 /* STracker.xcdatamodeld */,
				8C247D9C17BFE3D9001EDA03 /* AppDelegate.h */,
				8C247D9D17BFE3D9001EDA03 /* AppDelegate.m */,
				8C247DC617BFE716001EDA03 /* models */,
				8C247DE117BFE716001EDA03 /* httpclients */,
				8C247DE417BFE716001EDA03 /* infocontrollers */,
				8C247DF317BFE716001EDA03 /* controllersandviews */,
				8C247D9417BFE3D9001EDA03 /* Supporting Files */,
			);
			path = STracker;
			sourceTree = "<group>";
		};
		8C247D9417BFE3D9001EDA03 /* Supporting Files */ = {
			isa = PBXGroup;
			children = (
				8C247E5E17BFE81D001EDA03 /* images */,
				8C247D9517BFE3D9001EDA03 /* STracker-Info.plist */,
				8C247D9617BFE3D9001EDA03 /* InfoPlist.strings */,
				8C247D9917BFE3D9001EDA03 /* main.m */,
				8C247D9B17BFE3D9001EDA03 /* STracker-Prefix.pch */,
				8C247D9F17BFE3D9001EDA03 /* Default.png */,
				8C247DA117BFE3D9001EDA03 /* Default@2x.png */,
				8C247DA317BFE3D9001EDA03 /* Default-568h@2x.png */,
			);
			name = "Supporting Files";
			sourceTree = "<group>";
		};
		8C247DB517BFE3D9001EDA03 /* STrackerTests */ = {
			isa = PBXGroup;
			children = (
				8C247DBB17BFE3D9001EDA03 /* STrackerTests.h */,
				8C247DBC17BFE3D9001EDA03 /* STrackerTests.m */,
				8C247DB617BFE3D9001EDA03 /* Supporting Files */,
			);
			path = STrackerTests;
			sourceTree = "<group>";
		};
		8C247DB617BFE3D9001EDA03 /* Supporting Files */ = {
			isa = PBXGroup;
			children = (
				8C247DB717BFE3D9001EDA03 /* STrackerTests-Info.plist */,
				8C247DB817BFE3D9001EDA03 /* InfoPlist.strings */,
			);
			name = "Supporting Files";
			sourceTree = "<group>";
		};
		8C247DC617BFE716001EDA03 /* models */ = {
			isa = PBXGroup;
			children = (
				8C247DC717BFE716001EDA03 /* Actor.h */,
				8C247DC817BFE716001EDA03 /* Actor.m */,
				8C247DC917BFE716001EDA03 /* Comment.h */,
				8C247DCA17BFE716001EDA03 /* Comment.m */,
				8C247DCB17BFE716001EDA03 /* Entity.h */,
				8C247DCC17BFE716001EDA03 /* Entity.m */,
				8C247DCD17BFE716001EDA03 /* Episode.h */,
				8C247DCE17BFE716001EDA03 /* Episode.m */,
				8C247DCF17BFE716001EDA03 /* Genre.h */,
				8C247DD017BFE716001EDA03 /* Genre.m */,
				8C247DD117BFE716001EDA03 /* Person.h */,
				8C247DD217BFE716001EDA03 /* Person.m */,
				8C247DD317BFE716001EDA03 /* Range.h */,
				8C247DD417BFE716001EDA03 /* Range.m */,
				8C247DD517BFE716001EDA03 /* Rating.h */,
				8C247DD617BFE716001EDA03 /* Rating.m */,
				8C247DD717BFE716001EDA03 /* Season.h */,
				8C247DD817BFE716001EDA03 /* Season.m */,
				8C247DD917BFE716001EDA03 /* Subscription.h */,
				8C247DDA17BFE716001EDA03 /* Subscription.m */,
				8C247DDB17BFE716001EDA03 /* Suggestion.h */,
				8C247DDC17BFE716001EDA03 /* Suggestion.m */,
				8C247DDD17BFE716001EDA03 /* TvShow.h */,
				8C247DDE17BFE716001EDA03 /* TvShow.m */,
				8C247DDF17BFE716001EDA03 /* User.h */,
				8C247DE017BFE716001EDA03 /* User.m */,
			);
			path = models;
			sourceTree = "<group>";
		};
		8C247DE117BFE716001EDA03 /* httpclients */ = {
			isa = PBXGroup;
			children = (
				8C247DE217BFE716001EDA03 /* STrackerServerHttpClient.h */,
				8C247DE317BFE716001EDA03 /* STrackerServerHttpClient.m */,
			);
			path = httpclients;
			sourceTree = "<group>";
		};
		8C247DE417BFE716001EDA03 /* infocontrollers */ = {
			isa = PBXGroup;
			children = (
				8C247DE517BFE716001EDA03 /* CommentController.h */,
				8C247DE617BFE716001EDA03 /* CommentController.m */,
				8C247DE717BFE716001EDA03 /* EpisodesController.h */,
				8C247DE817BFE716001EDA03 /* EpisodesController.m */,
				8C247DE917BFE716001EDA03 /* GenresController.h */,
				8C247DEA17BFE716001EDA03 /* GenresController.m */,
				8C247DEB17BFE716001EDA03 /* RatingsController.h */,
				8C247DEC17BFE716001EDA03 /* RatingsController.m */,
				8C247DED17BFE716001EDA03 /* SeasonsController.h */,
				8C247DEE17BFE716001EDA03 /* SeasonsController.m */,
				8C247DEF17BFE716001EDA03 /* TvShowsController.h */,
				8C247DF017BFE716001EDA03 /* TvShowsController.m */,
				8C247DF117BFE716001EDA03 /* UsersController.h */,
				8C247DF217BFE716001EDA03 /* UsersController.m */,
			);
			path = infocontrollers;
			sourceTree = "<group>";
		};
		8C247DF317BFE716001EDA03 /* controllersandviews */ = {
			isa = PBXGroup;
			children = (
				8C247DF417BFE716001EDA03 /* BaseProfileViewController.h */,
				8C247DF517BFE716001EDA03 /* BaseProfileViewController.m */,
				8C247DF617BFE716001EDA03 /* BaseTableViewController.h */,
				8C247DF717BFE716001EDA03 /* BaseTableViewController.m */,
				8C247DF817BFE716001EDA03 /* BaseViewController.h */,
				8C247DF917BFE716001EDA03 /* BaseViewController.m */,
				8C247DFA17BFE716001EDA03 /* comments */,
				8C247E0317BFE716001EDA03 /* episodes */,
				8C247E0617BFE716001EDA03 /* facebooklogin */,
				8C247E0917BFE716001EDA03 /* genres */,
				8C247E0C17BFE716001EDA03 /* home */,
				8C247E0F17BFE716001EDA03 /* persons */,
				8C247E1617BFE716001EDA03 /* profile */,
				8C247E1B17BFE716001EDA03 /* Ratings */,
				8C247E1E17BFE716001EDA03 /* seasons */,
				8C247E2317BFE716001EDA03 /* subscriptions */,
				8C247E2617BFE716001EDA03 /* suggestions */,
				8C247E2917BFE716001EDA03 /* synopsis */,
				8C247E2C17BFE716001EDA03 /* tvshows */,
			);
			path = controllersandviews;
			sourceTree = "<group>";
		};
		8C247DFA17BFE716001EDA03 /* comments */ = {
			isa = PBXGroup;
			children = (
				8C247DFB17BFE716001EDA03 /* CommentsViewController.h */,
				8C247DFC17BFE716001EDA03 /* CommentsViewController.m */,
				8C247DFD17BFE716001EDA03 /* CommentViewController.h */,
				8C247DFE17BFE716001EDA03 /* CommentViewController.m */,
				8C247DFF17BFE716001EDA03 /* EpisodeCommentsViewController.h */,
				8C247E0017BFE716001EDA03 /* EpisodeCommentsViewController.m */,
				8C247E0117BFE716001EDA03 /* TvShowCommentsViewController.h */,
				8C247E0217BFE716001EDA03 /* TvShowCommentsViewController.m */,
			);
			path = comments;
			sourceTree = "<group>";
		};
		8C247E0317BFE716001EDA03 /* episodes */ = {
			isa = PBXGroup;
			children = (
				8C247E0417BFE716001EDA03 /* EpisodeViewController.h */,
				8C247E0517BFE716001EDA03 /* EpisodeViewController.m */,
			);
			path = episodes;
			sourceTree = "<group>";
		};
		8C247E0617BFE716001EDA03 /* facebooklogin */ = {
			isa = PBXGroup;
			children = (
				8C247E0717BFE716001EDA03 /* FacebookView.h */,
				8C247E0817BFE716001EDA03 /* FacebookView.m */,
			);
			path = facebooklogin;
			sourceTree = "<group>";
		};
		8C247E0917BFE716001EDA03 /* genres */ = {
			isa = PBXGroup;
			children = (
				8C247E0A17BFE716001EDA03 /* GenresViewController.h */,
				8C247E0B17BFE716001EDA03 /* GenresViewController.m */,
			);
			path = genres;
			sourceTree = "<group>";
		};
		8C247E0C17BFE716001EDA03 /* home */ = {
			isa = PBXGroup;
			children = (
				8C247E0D17BFE716001EDA03 /* HomeViewController.h */,
				8C247E0E17BFE716001EDA03 /* HomeViewController.m */,
			);
			path = home;
			sourceTree = "<group>";
		};
		8C247E0F17BFE716001EDA03 /* persons */ = {
			isa = PBXGroup;
			children = (
				8C247E1017BFE716001EDA03 /* ActorsViewController.h */,
				8C247E1117BFE716001EDA03 /* ActorsViewController.m */,
				8C247E1217BFE716001EDA03 /* PersonsViewController.h */,
				8C247E1317BFE716001EDA03 /* PersonsViewController.m */,
				8C247E1417BFE716001EDA03 /* UsersViewController.h */,
				8C247E1517BFE716001EDA03 /* UsersViewController.m */,
			);
			path = persons;
			sourceTree = "<group>";
		};
		8C247E1617BFE716001EDA03 /* profile */ = {
			isa = PBXGroup;
			children = (
				8C247E1717BFE716001EDA03 /* MyProfileViewController.h */,
				8C247E1817BFE716001EDA03 /* MyProfileViewController.m */,
				8C247E1917BFE716001EDA03 /* UserProfileViewController.h */,
				8C247E1A17BFE716001EDA03 /* UserProfileViewController.m */,
			);
			path = profile;
			sourceTree = "<group>";
		};
		8C247E1B17BFE716001EDA03 /* Ratings */ = {
			isa = PBXGroup;
			children = (
				8C247E1C17BFE716001EDA03 /* RatingsViewController.h */,
				8C247E1D17BFE716001EDA03 /* RatingsViewController.m */,
			);
			path = Ratings;
			sourceTree = "<group>";
		};
		8C247E1E17BFE716001EDA03 /* seasons */ = {
			isa = PBXGroup;
			children = (
				8C247E1F17BFE716001EDA03 /* SeasonsViewController.h */,
				8C247E2017BFE716001EDA03 /* SeasonsViewController.m */,
				8C247E2117BFE716001EDA03 /* SeasonViewController.h */,
				8C247E2217BFE716001EDA03 /* SeasonViewController.m */,
			);
			path = seasons;
			sourceTree = "<group>";
		};
		8C247E2317BFE716001EDA03 /* subscriptions */ = {
			isa = PBXGroup;
			children = (
				8C247E2417BFE716001EDA03 /* UserSubscriptionsViewController.h */,
				8C247E2517BFE716001EDA03 /* UserSubscriptionsViewController.m */,
			);
			path = subscriptions;
			sourceTree = "<group>";
		};
		8C247E2617BFE716001EDA03 /* suggestions */ = {
			isa = PBXGroup;
			children = (
				8C247E2717BFE716001EDA03 /* SuggestionsViewController.h */,
				8C247E2817BFE716001EDA03 /* SuggestionsViewController.m */,
			);
			path = suggestions;
			sourceTree = "<group>";
		};
		8C247E2917BFE716001EDA03 /* synopsis */ = {
			isa = PBXGroup;
			children = (
				8C247E2A17BFE716001EDA03 /* SynopsisViewController.h */,
				8C247E2B17BFE716001EDA03 /* SynopsisViewController.m */,
			);
			path = synopsis;
			sourceTree = "<group>";
		};
		8C247E2C17BFE716001EDA03 /* tvshows */ = {
			isa = PBXGroup;
			children = (
				8C247E2D17BFE716001EDA03 /* TvShowsViewController.h */,
				8C247E2E17BFE716001EDA03 /* TvShowsViewController.m */,
				8C247E2F17BFE716001EDA03 /* TvShowViewController.h */,
				8C247E3017BFE716001EDA03 /* TvShowViewController.m */,
			);
			path = tvshows;
			sourceTree = "<group>";
		};
		8C247E5E17BFE81D001EDA03 /* images */ = {
			isa = PBXGroup;
			children = (
				8C247E5F17BFE81D001EDA03 /* BackgroundPattern.png */,
				8C247E6017BFE81D001EDA03 /* BackgroundPattern2.png */,
				8C247E6117BFE81D001EDA03 /* Calendar_icon.png */,
				8C247E6217BFE81D001EDA03 /* Friends_icon.png */,
				8C247E6317BFE81D001EDA03 /* Messages_icon.png */,
				8C247E6417BFE81D001EDA03 /* Options.png */,
				8C247E6517BFE81D001EDA03 /* Profile_icon.png */,
				8C247E6617BFE81D001EDA03 /* Search.png */,
				8C247E6717BFE81D001EDA03 /* Shows_icon.png */,
				8C247E6817BFE81D001EDA03 /* star_icon.png */,
			);
			path = images;
			sourceTree = "<group>";
		};
/* End PBXGroup section */

/* Begin PBXNativeTarget section */
		8C247D8717BFE3D9001EDA03 /* STracker */ = {
			isa = PBXNativeTarget;
			buildConfigurationList = 8C247DC017BFE3D9001EDA03 /* Build configuration list for PBXNativeTarget "STracker" */;
			buildPhases = (
				7F3AADB9A77F47E690781779 /* Check Pods Manifest.lock */,
				8C247D8417BFE3D9001EDA03 /* Sources */,
				8C247D8517BFE3D9001EDA03 /* Frameworks */,
				8C247D8617BFE3D9001EDA03 /* Resources */,
				C631E3AD100A4BA489B14DA0 /* Copy Pods Resources */,
			);
			buildRules = (
			);
			dependencies = (
			);
			name = STracker;
			productName = STracker;
			productReference = 8C247D8817BFE3D9001EDA03 /* STracker.app */;
			productType = "com.apple.product-type.application";
		};
		8C247DAC17BFE3D9001EDA03 /* STrackerTests */ = {
			isa = PBXNativeTarget;
			buildConfigurationList = 8C247DC317BFE3D9001EDA03 /* Build configuration list for PBXNativeTarget "STrackerTests" */;
			buildPhases = (
				8C247DA817BFE3D9001EDA03 /* Sources */,
				8C247DA917BFE3D9001EDA03 /* Frameworks */,
				8C247DAA17BFE3D9001EDA03 /* Resources */,
				8C247DAB17BFE3D9001EDA03 /* ShellScript */,
			);
			buildRules = (
			);
			dependencies = (
				8C247DB417BFE3D9001EDA03 /* PBXTargetDependency */,
			);
			name = STrackerTests;
			productName = STrackerTests;
			productReference = 8C247DAD17BFE3D9001EDA03 /* STrackerTests.octest */;
			productType = "com.apple.product-type.bundle";
		};
/* End PBXNativeTarget section */

/* Begin PBXProject section */
		8C247D8017BFE3D8001EDA03 /* Project object */ = {
			isa = PBXProject;
			attributes = {
				LastUpgradeCheck = 0460;
				ORGANIZATIONNAME = STracker;
			};
			buildConfigurationList = 8C247D8317BFE3D8001EDA03 /* Build configuration list for PBXProject "STracker" */;
			compatibilityVersion = "Xcode 3.2";
			developmentRegion = English;
			hasScannedForEncodings = 0;
			knownRegions = (
				en,
			);
			mainGroup = 8C247D7F17BFE3D8001EDA03;
			productRefGroup = 8C247D8917BFE3D9001EDA03 /* Products */;
			projectDirPath = "";
			projectRoot = "";
			targets = (
				8C247D8717BFE3D9001EDA03 /* STracker */,
				8C247DAC17BFE3D9001EDA03 /* STrackerTests */,
			);
		};
/* End PBXProject section */

/* Begin PBXResourcesBuildPhase section */
		8C247D8617BFE3D9001EDA03 /* Resources */ = {
			isa = PBXResourcesBuildPhase;
			buildActionMask = 2147483647;
			files = (
				8C247D9817BFE3D9001EDA03 /* InfoPlist.strings in Resources */,
				8C247DA017BFE3D9001EDA03 /* Default.png in Resources */,
				8C247DA217BFE3D9001EDA03 /* Default@2x.png in Resources */,
				8C247DA417BFE3D9001EDA03 /* Default-568h@2x.png in Resources */,
				8C247E6917BFE81D001EDA03 /* BackgroundPattern.png in Resources */,
				8C247E6A17BFE81D001EDA03 /* BackgroundPattern2.png in Resources */,
				8C247E6B17BFE81D001EDA03 /* Calendar_icon.png in Resources */,
				8C247E6C17BFE81D001EDA03 /* Friends_icon.png in Resources */,
				8C247E6D17BFE81D001EDA03 /* Messages_icon.png in Resources */,
				8C247E6E17BFE81D001EDA03 /* Options.png in Resources */,
				8C247E6F17BFE81D001EDA03 /* Profile_icon.png in Resources */,
				8C247E7017BFE81D001EDA03 /* Search.png in Resources */,
				8C247E7117BFE81D001EDA03 /* Shows_icon.png in Resources */,
				8C247E7217BFE81D001EDA03 /* star_icon.png in Resources */,
				8C247E9017BFEC8B001EDA03 /* MainStoryboard_iPhone.storyboard in Resources */,
				8C247E9217BFECA6001EDA03 /* MainStoryboard_iPad.storyboard in Resources */,
			);
			runOnlyForDeploymentPostprocessing = 0;
		};
		8C247DAA17BFE3D9001EDA03 /* Resources */ = {
			isa = PBXResourcesBuildPhase;
			buildActionMask = 2147483647;
			files = (
				8C247DBA17BFE3D9001EDA03 /* InfoPlist.strings in Resources */,
			);
			runOnlyForDeploymentPostprocessing = 0;
		};
/* End PBXResourcesBuildPhase section */

/* Begin PBXShellScriptBuildPhase section */
		7F3AADB9A77F47E690781779 /* Check Pods Manifest.lock */ = {
			isa = PBXShellScriptBuildPhase;
			buildActionMask = 2147483647;
			files = (
			);
			inputPaths = (
			);
			name = "Check Pods Manifest.lock";
			outputPaths = (
			);
			runOnlyForDeploymentPostprocessing = 0;
			shellPath = /bin/sh;
			shellScript = "diff \"${PODS_ROOT}/../Podfile.lock\" \"${PODS_ROOT}/Manifest.lock\" > /dev/null\nif [[ $? != 0 ]] ; then\n    cat << EOM\nerror: The sandbox is not in sync with the Podfile.lock. Run 'pod install' or update your CocoaPods installation.\nEOM\n    exit 1\nfi\n";
		};
		8C247DAB17BFE3D9001EDA03 /* ShellScript */ = {
			isa = PBXShellScriptBuildPhase;
			buildActionMask = 2147483647;
			files = (
			);
			inputPaths = (
			);
			outputPaths = (
			);
			runOnlyForDeploymentPostprocessing = 0;
			shellPath = /bin/sh;
			shellScript = "# Run the unit tests in this test bundle.\n\"${SYSTEM_DEVELOPER_DIR}/Tools/RunUnitTests\"\n";
		};
		C631E3AD100A4BA489B14DA0 /* Copy Pods Resources */ = {
			isa = PBXShellScriptBuildPhase;
			buildActionMask = 2147483647;
			files = (
			);
			inputPaths = (
			);
			name = "Copy Pods Resources";
			outputPaths = (
			);
			runOnlyForDeploymentPostprocessing = 0;
			shellPath = /bin/sh;
			shellScript = "\"${SRCROOT}/../Pods/Pods-resources.sh\"\n";
		};
/* End PBXShellScriptBuildPhase section */

/* Begin PBXSourcesBuildPhase section */
		8C247D8417BFE3D9001EDA03 /* Sources */ = {
			isa = PBXSourcesBuildPhase;
			buildActionMask = 2147483647;
			files = (
				8C247D9A17BFE3D9001EDA03 /* main.m in Sources */,
				8C247D9E17BFE3D9001EDA03 /* AppDelegate.m in Sources */,
				8C247DA717BFE3D9001EDA03 /* STracker.xcdatamodeld in Sources */,
				8C247E3117BFE716001EDA03 /* Actor.m in Sources */,
				8C247E3217BFE716001EDA03 /* Comment.m in Sources */,
				8C247E3317BFE716001EDA03 /* Entity.m in Sources */,
				8C247E3417BFE716001EDA03 /* Episode.m in Sources */,
				8C247E3517BFE716001EDA03 /* Genre.m in Sources */,
				8C247E3617BFE716001EDA03 /* Person.m in Sources */,
				8C247E3717BFE716001EDA03 /* Range.m in Sources */,
				8C247E3817BFE716001EDA03 /* Rating.m in Sources */,
				8C247E3917BFE716001EDA03 /* Season.m in Sources */,
				8C247E3A17BFE716001EDA03 /* Subscription.m in Sources */,
				8C247E3B17BFE716001EDA03 /* Suggestion.m in Sources */,
				8C247E3C17BFE716001EDA03 /* TvShow.m in Sources */,
				8C247E3D17BFE716001EDA03 /* User.m in Sources */,
				8C247E3E17BFE716001EDA03 /* STrackerServerHttpClient.m in Sources */,
				8C247E3F17BFE716001EDA03 /* CommentController.m in Sources */,
				8C247E4017BFE716001EDA03 /* EpisodesController.m in Sources */,
				8C247E4117BFE716001EDA03 /* GenresController.m in Sources */,
				8C247E4217BFE716001EDA03 /* RatingsController.m in Sources */,
				8C247E4317BFE716001EDA03 /* SeasonsController.m in Sources */,
				8C247E4417BFE716001EDA03 /* TvShowsController.m in Sources */,
				8C247E4517BFE716001EDA03 /* UsersController.m in Sources */,
				8C247E4617BFE716001EDA03 /* BaseProfileViewController.m in Sources */,
				8C247E4717BFE716001EDA03 /* BaseTableViewController.m in Sources */,
				8C247E4817BFE716001EDA03 /* BaseViewController.m in Sources */,
				8C247E4917BFE716001EDA03 /* CommentsViewController.m in Sources */,
				8C247E4A17BFE716001EDA03 /* CommentViewController.m in Sources */,
				8C247E4B17BFE716001EDA03 /* EpisodeCommentsViewController.m in Sources */,
				8C247E4C17BFE716001EDA03 /* TvShowCommentsViewController.m in Sources */,
				8C247E4D17BFE716001EDA03 /* EpisodeViewController.m in Sources */,
				8C247E4E17BFE716001EDA03 /* FacebookView.m in Sources */,
				8C247E4F17BFE716001EDA03 /* GenresViewController.m in Sources */,
				8C247E5017BFE716001EDA03 /* HomeViewController.m in Sources */,
				8C247E5117BFE716001EDA03 /* ActorsViewController.m in Sources */,
				8C247E5217BFE716001EDA03 /* PersonsViewController.m in Sources */,
				8C247E5317BFE716001EDA03 /* UsersViewController.m in Sources */,
				8C247E5417BFE716001EDA03 /* MyProfileViewController.m in Sources */,
				8C247E5517BFE716001EDA03 /* UserProfileViewController.m in Sources */,
				8C247E5617BFE716001EDA03 /* RatingsViewController.m in Sources */,
				8C247E5717BFE716001EDA03 /* SeasonsViewController.m in Sources */,
				8C247E5817BFE716001EDA03 /* SeasonViewController.m in Sources */,
				8C247E5917BFE716001EDA03 /* UserSubscriptionsViewController.m in Sources */,
				8C247E5A17BFE716001EDA03 /* SuggestionsViewController.m in Sources */,
				8C247E5B17BFE716001EDA03 /* SynopsisViewController.m in Sources */,
				8C247E5C17BFE716001EDA03 /* TvShowsViewController.m in Sources */,
				8C247E5D17BFE716001EDA03 /* TvShowViewController.m in Sources */,
			);
			runOnlyForDeploymentPostprocessing = 0;
		};
		8C247DA817BFE3D9001EDA03 /* Sources */ = {
			isa = PBXSourcesBuildPhase;
			buildActionMask = 2147483647;
			files = (
				8C247DBD17BFE3D9001EDA03 /* STrackerTests.m in Sources */,
			);
			runOnlyForDeploymentPostprocessing = 0;
		};
/* End PBXSourcesBuildPhase section */

/* Begin PBXTargetDependency section */
		8C247DB417BFE3D9001EDA03 /* PBXTargetDependency */ = {
			isa = PBXTargetDependency;
			target = 8C247D8717BFE3D9001EDA03 /* STracker */;
			targetProxy = 8C247DB317BFE3D9001EDA03 /* PBXContainerItemProxy */;
		};
/* End PBXTargetDependency section */

/* Begin PBXVariantGroup section */
		8C247D9617BFE3D9001EDA03 /* InfoPlist.strings */ = {
			isa = PBXVariantGroup;
			children = (
				8C247D9717BFE3D9001EDA03 /* en */,
			);
			name = InfoPlist.strings;
			sourceTree = "<group>";
		};
		8C247DB817BFE3D9001EDA03 /* InfoPlist.strings */ = {
			isa = PBXVariantGroup;
			children = (
				8C247DB917BFE3D9001EDA03 /* en */,
			);
			name = InfoPlist.strings;
			sourceTree = "<group>";
		};
/* End PBXVariantGroup section */

/* Begin XCBuildConfiguration section */
		8C247DBE17BFE3D9001EDA03 /* Debug */ = {
			isa = XCBuildConfiguration;
			buildSettings = {
				ALWAYS_SEARCH_USER_PATHS = NO;
				CLANG_CXX_LANGUAGE_STANDARD = "gnu++0x";
				CLANG_CXX_LIBRARY = "libc++";
				CLANG_ENABLE_OBJC_ARC = YES;
				CLANG_WARN_CONSTANT_CONVERSION = YES;
				CLANG_WARN_EMPTY_BODY = YES;
				CLANG_WARN_ENUM_CONVERSION = YES;
				CLANG_WARN_INT_CONVERSION = YES;
				CLANG_WARN__DUPLICATE_METHOD_MATCH = YES;
				"CODE_SIGN_IDENTITY[sdk=iphoneos*]" = "iPhone Developer";
				COPY_PHASE_STRIP = NO;
				GCC_C_LANGUAGE_STANDARD = gnu99;
				GCC_DYNAMIC_NO_PIC = NO;
				GCC_OPTIMIZATION_LEVEL = 0;
				GCC_PREPROCESSOR_DEFINITIONS = (
					"DEBUG=1",
					"$(inherited)",
				);
				GCC_SYMBOLS_PRIVATE_EXTERN = NO;
				GCC_WARN_ABOUT_RETURN_TYPE = YES;
				GCC_WARN_UNINITIALIZED_AUTOS = YES;
				GCC_WARN_UNUSED_VARIABLE = YES;
				IPHONEOS_DEPLOYMENT_TARGET = 6.1;
				ONLY_ACTIVE_ARCH = YES;
				SDKROOT = iphoneos;
				TARGETED_DEVICE_FAMILY = "1,2";
			};
			name = Debug;
		};
		8C247DBF17BFE3D9001EDA03 /* Release */ = {
			isa = XCBuildConfiguration;
			buildSettings = {
				ALWAYS_SEARCH_USER_PATHS = NO;
				CLANG_CXX_LANGUAGE_STANDARD = "gnu++0x";
				CLANG_CXX_LIBRARY = "libc++";
				CLANG_ENABLE_OBJC_ARC = YES;
				CLANG_WARN_CONSTANT_CONVERSION = YES;
				CLANG_WARN_EMPTY_BODY = YES;
				CLANG_WARN_ENUM_CONVERSION = YES;
				CLANG_WARN_INT_CONVERSION = YES;
				CLANG_WARN__DUPLICATE_METHOD_MATCH = YES;
				"CODE_SIGN_IDENTITY[sdk=iphoneos*]" = "iPhone Developer";
				COPY_PHASE_STRIP = YES;
				GCC_C_LANGUAGE_STANDARD = gnu99;
				GCC_WARN_ABOUT_RETURN_TYPE = YES;
				GCC_WARN_UNINITIALIZED_AUTOS = YES;
				GCC_WARN_UNUSED_VARIABLE = YES;
				IPHONEOS_DEPLOYMENT_TARGET = 6.1;
				OTHER_CFLAGS = "-DNS_BLOCK_ASSERTIONS=1";
				SDKROOT = iphoneos;
				TARGETED_DEVICE_FAMILY = "1,2";
				VALIDATE_PRODUCT = YES;
			};
			name = Release;
		};
		8C247DC117BFE3D9001EDA03 /* Debug */ = {
			isa = XCBuildConfiguration;
			baseConfigurationReference = 45795192D21545F78D8BCCCF /* Pods.xcconfig */;
			buildSettings = {
				FRAMEWORK_SEARCH_PATHS = (
					"$(inherited)",
					"\"$(SRCROOT)\"",
				);
				GCC_PRECOMPILE_PREFIX_HEADER = YES;
				GCC_PREFIX_HEADER = "STracker/STracker-Prefix.pch";
				INFOPLIST_FILE = "STracker/STracker-Info.plist";
				IPHONEOS_DEPLOYMENT_TARGET = 5.0;
				PRODUCT_NAME = "$(TARGET_NAME)";
				WRAPPER_EXTENSION = app;
			};
			name = Debug;
		};
		8C247DC217BFE3D9001EDA03 /* Release */ = {
			isa = XCBuildConfiguration;
			baseConfigurationReference = 45795192D21545F78D8BCCCF /* Pods.xcconfig */;
			buildSettings = {
				FRAMEWORK_SEARCH_PATHS = (
					"$(inherited)",
					"\"$(SRCROOT)\"",
				);
				GCC_PRECOMPILE_PREFIX_HEADER = YES;
				GCC_PREFIX_HEADER = "STracker/STracker-Prefix.pch";
				INFOPLIST_FILE = "STracker/STracker-Info.plist";
				IPHONEOS_DEPLOYMENT_TARGET = 5.0;
				PRODUCT_NAME = "$(TARGET_NAME)";
				WRAPPER_EXTENSION = app;
			};
			name = Release;
		};
		8C247DC417BFE3D9001EDA03 /* Debug */ = {
			isa = XCBuildConfiguration;
			buildSettings = {
				BUNDLE_LOADER = "$(BUILT_PRODUCTS_DIR)/STracker.app/STracker";
				FRAMEWORK_SEARCH_PATHS = (
					"\"$(SDKROOT)/Developer/Library/Frameworks\"",
					"\"$(DEVELOPER_LIBRARY_DIR)/Frameworks\"",
				);
				GCC_PRECOMPILE_PREFIX_HEADER = YES;
				GCC_PREFIX_HEADER = "STracker/STracker-Prefix.pch";
				INFOPLIST_FILE = "STrackerTests/STrackerTests-Info.plist";
				PRODUCT_NAME = "$(TARGET_NAME)";
				TEST_HOST = "$(BUNDLE_LOADER)";
				WRAPPER_EXTENSION = octest;
			};
			name = Debug;
		};
		8C247DC517BFE3D9001EDA03 /* Release */ = {
			isa = XCBuildConfiguration;
			buildSettings = {
				BUNDLE_LOADER = "$(BUILT_PRODUCTS_DIR)/STracker.app/STracker";
				FRAMEWORK_SEARCH_PATHS = (
					"\"$(SDKROOT)/Developer/Library/Frameworks\"",
					"\"$(DEVELOPER_LIBRARY_DIR)/Frameworks\"",
				);
				GCC_PRECOMPILE_PREFIX_HEADER = YES;
				GCC_PREFIX_HEADER = "STracker/STracker-Prefix.pch";
				INFOPLIST_FILE = "STrackerTests/STrackerTests-Info.plist";
				PRODUCT_NAME = "$(TARGET_NAME)";
				TEST_HOST = "$(BUNDLE_LOADER)";
				WRAPPER_EXTENSION = octest;
			};
			name = Release;
		};
/* End XCBuildConfiguration section */

/* Begin XCConfigurationList section */
		8C247D8317BFE3D8001EDA03 /* Build configuration list for PBXProject "STracker" */ = {
			isa = XCConfigurationList;
			buildConfigurations = (
				8C247DBE17BFE3D9001EDA03 /* Debug */,
				8C247DBF17BFE3D9001EDA03 /* Release */,
			);
			defaultConfigurationIsVisible = 0;
			defaultConfigurationName = Release;
		};
		8C247DC017BFE3D9001EDA03 /* Build configuration list for PBXNativeTarget "STracker" */ = {
			isa = XCConfigurationList;
			buildConfigurations = (
				8C247DC117BFE3D9001EDA03 /* Debug */,
				8C247DC217BFE3D9001EDA03 /* Release */,
			);
			defaultConfigurationIsVisible = 0;
			defaultConfigurationName = Release;
		};
		8C247DC317BFE3D9001EDA03 /* Build configuration list for PBXNativeTarget "STrackerTests" */ = {
			isa = XCConfigurationList;
			buildConfigurations = (
				8C247DC417BFE3D9001EDA03 /* Debug */,
				8C247DC517BFE3D9001EDA03 /* Release */,
			);
			defaultConfigurationIsVisible = 0;
			defaultConfigurationName = Release;
		};
/* End XCConfigurationList section */

/* Begin XCVersionGroup section */
		8C247DA517BFE3D9001EDA03 /* STracker.xcdatamodeld */ = {
			isa = XCVersionGroup;
			children = (
				8C247DA617BFE3D9001EDA03 /* STracker.xcdatamodel */,
			);
			currentVersion = 8C247DA617BFE3D9001EDA03 /* STracker.xcdatamodel */;
			path = STracker.xcdatamodeld;
			sourceTree = "<group>";
			versionGroupType = wrapper.xcdatamodel;
		};
/* End XCVersionGroup section */
	};
	rootObject = 8C247D8017BFE3D8001EDA03 /* Project object */;
}
