// !$*UTF8*$!
{
	archiveVersion = 1;
	classes = {
	};
	objectVersion = 46;
	objects = {

/* Begin PBXBuildFile section */
		8C67EDDD1764D779003278F8 /* Genre.m in Sources */ = {isa = PBXBuildFile; fileRef = 8C67EDDC1764D779003278F8 /* Genre.m */; };
		8C67EDE31764FC5A003278F8 /* SeasonsViewController.m in Sources */ = {isa = PBXBuildFile; fileRef = 8C67EDE21764FC59003278F8 /* SeasonsViewController.m */; };
		8C67EDE71764FD38003278F8 /* Season.m in Sources */ = {isa = PBXBuildFile; fileRef = 8C67EDE61764FD38003278F8 /* Season.m */; };
		8C67EDEA1765044A003278F8 /* SeasonViewController.m in Sources */ = {isa = PBXBuildFile; fileRef = 8C67EDE91765044A003278F8 /* SeasonViewController.m */; };
		8C67EDED1765053D003278F8 /* Episode.m in Sources */ = {isa = PBXBuildFile; fileRef = 8C67EDEC1765053D003278F8 /* Episode.m */; };
		8C67EDF11765162D003278F8 /* EpisodeViewController.m in Sources */ = {isa = PBXBuildFile; fileRef = 8C67EDF01765162D003278F8 /* EpisodeViewController.m */; };
		8C67EDF417651D5D003278F8 /* Person.m in Sources */ = {isa = PBXBuildFile; fileRef = 8C67EDF317651D5D003278F8 /* Person.m */; };
		8C67EDF717651E55003278F8 /* Actor.m in Sources */ = {isa = PBXBuildFile; fileRef = 8C67EDF617651E55003278F8 /* Actor.m */; };
		8C67EDFB176525E9003278F8 /* PersonsViewController.m in Sources */ = {isa = PBXBuildFile; fileRef = 8C67EDFA176525E9003278F8 /* PersonsViewController.m */; };
		8C6D9BCC17502954000C2E99 /* GenresViewController.m in Sources */ = {isa = PBXBuildFile; fileRef = 8C6D9BCB17502954000C2E99 /* GenresViewController.m */; };
		8C6D9BD017502F30000C2E99 /* TvShow.m in Sources */ = {isa = PBXBuildFile; fileRef = 8C6D9BCF17502F30000C2E99 /* TvShow.m */; };
		8C6D9BD3175030B2000C2E99 /* TvShowsViewController.m in Sources */ = {isa = PBXBuildFile; fileRef = 8C6D9BD2175030B2000C2E99 /* TvShowsViewController.m */; };
		8CD10DC2176E81BD00F81F7C /* DownloadFiles.m in Sources */ = {isa = PBXBuildFile; fileRef = 8CD10DC1176E81BD00F81F7C /* DownloadFiles.m */; };
		8CD10DCE176E8DA300F81F7C /* Calendar_icon.png in Resources */ = {isa = PBXBuildFile; fileRef = 8CD10DCD176E8DA300F81F7C /* Calendar_icon.png */; };
		958B692C8AB84E8FB6B7F544 /* libPods.a in Frameworks */ = {isa = PBXBuildFile; fileRef = 86A72A6102254A888262B579 /* libPods.a */; };
		D802E6511788811000ABD08F /* Security.framework in Frameworks */ = {isa = PBXBuildFile; fileRef = D8FC677F17886B2300A06D40 /* Security.framework */; };
		D802E6521788811B00ABD08F /* Social.framework in Frameworks */ = {isa = PBXBuildFile; fileRef = D8FC677D17886B1800A06D40 /* Social.framework */; settings = {ATTRIBUTES = (Weak, ); }; };
		D802E6531788812900ABD08F /* AdSupport.framework in Frameworks */ = {isa = PBXBuildFile; fileRef = D8FC678317886B6000A06D40 /* AdSupport.framework */; settings = {ATTRIBUTES = (Weak, ); }; };
		D802E6541788813500ABD08F /* Accounts.framework in Frameworks */ = {isa = PBXBuildFile; fileRef = D8FC677B17886B1200A06D40 /* Accounts.framework */; settings = {ATTRIBUTES = (Weak, ); }; };
		D802E6561788815700ABD08F /* CoreLocation.framework in Frameworks */ = {isa = PBXBuildFile; fileRef = D802E6551788815700ABD08F /* CoreLocation.framework */; };
		D802E658178882AD00ABD08F /* FacebookSDKResources.bundle in Resources */ = {isa = PBXBuildFile; fileRef = D802E657178882AD00ABD08F /* FacebookSDKResources.bundle */; };
		D802E65A178887C000ABD08F /* libsqlite3.dylib in Frameworks */ = {isa = PBXBuildFile; fileRef = D802E659178887C000ABD08F /* libsqlite3.dylib */; };
		D802E65D17888C6E00ABD08F /* User.m in Sources */ = {isa = PBXBuildFile; fileRef = D802E65C17888C6E00ABD08F /* User.m */; };
		D802E66417889C7E00ABD08F /* FacebookView.m in Sources */ = {isa = PBXBuildFile; fileRef = D802E66317889C7E00ABD08F /* FacebookView.m */; };
		D811B5521789BE1600D4CB3F /* QuartzCore.framework in Frameworks */ = {isa = PBXBuildFile; fileRef = D811B5511789BE1600D4CB3F /* QuartzCore.framework */; };
		D811B5551789D88D00D4CB3F /* SlideshowViewController.m in Sources */ = {isa = PBXBuildFile; fileRef = D811B5541789D88C00D4CB3F /* SlideshowViewController.m */; };
		D8782EC0174E6E160025CF79 /* UIKit.framework in Frameworks */ = {isa = PBXBuildFile; fileRef = D8782EBF174E6E160025CF79 /* UIKit.framework */; };
		D8782EC2174E6E160025CF79 /* Foundation.framework in Frameworks */ = {isa = PBXBuildFile; fileRef = D8782EC1174E6E160025CF79 /* Foundation.framework */; };
		D8782EC4174E6E160025CF79 /* CoreGraphics.framework in Frameworks */ = {isa = PBXBuildFile; fileRef = D8782EC3174E6E160025CF79 /* CoreGraphics.framework */; };
		D8782ECA174E6E160025CF79 /* InfoPlist.strings in Resources */ = {isa = PBXBuildFile; fileRef = D8782EC8174E6E160025CF79 /* InfoPlist.strings */; };
		D8782ECC174E6E160025CF79 /* main.m in Sources */ = {isa = PBXBuildFile; fileRef = D8782ECB174E6E160025CF79 /* main.m */; };
		D8782ED0174E6E160025CF79 /* AppDelegate.m in Sources */ = {isa = PBXBuildFile; fileRef = D8782ECF174E6E160025CF79 /* AppDelegate.m */; };
		D8782ED2174E6E160025CF79 /* Default.png in Resources */ = {isa = PBXBuildFile; fileRef = D8782ED1174E6E160025CF79 /* Default.png */; };
		D8782ED4174E6E160025CF79 /* Default@2x.png in Resources */ = {isa = PBXBuildFile; fileRef = D8782ED3174E6E160025CF79 /* Default@2x.png */; };
		D8782ED6174E6E160025CF79 /* Default-568h@2x.png in Resources */ = {isa = PBXBuildFile; fileRef = D8782ED5174E6E160025CF79 /* Default-568h@2x.png */; };
		D8782ED9174E6E160025CF79 /* MainStoryboard_iPhone.storyboard in Resources */ = {isa = PBXBuildFile; fileRef = D8782ED7174E6E160025CF79 /* MainStoryboard_iPhone.storyboard */; };
		D8782EDC174E6E160025CF79 /* MainStoryboard_iPad.storyboard in Resources */ = {isa = PBXBuildFile; fileRef = D8782EDA174E6E160025CF79 /* MainStoryboard_iPad.storyboard */; };
		D887E3861753B22000E3BABB /* STrackerServerHttpClient.m in Sources */ = {isa = PBXBuildFile; fileRef = D887E3851753B22000E3BABB /* STrackerServerHttpClient.m */; };
		D887E38C1753C8F000E3BABB /* Entity.m in Sources */ = {isa = PBXBuildFile; fileRef = D887E38B1753C8F000E3BABB /* Entity.m */; };
		D887E38F1753CC6C00E3BABB /* TvShowViewController.m in Sources */ = {isa = PBXBuildFile; fileRef = D887E38E1753CC6C00E3BABB /* TvShowViewController.m */; };
		D887E3921753FA2200E3BABB /* BaseTableViewController.m in Sources */ = {isa = PBXBuildFile; fileRef = D887E3911753FA2200E3BABB /* BaseTableViewController.m */; };
		D891AE2D174FE191001625C6 /* BackgroundPattern.png in Resources */ = {isa = PBXBuildFile; fileRef = D891AE2C174FE191001625C6 /* BackgroundPattern.png */; };
		D891AE30174FE7E6001625C6 /* HomeViewController.m in Sources */ = {isa = PBXBuildFile; fileRef = D891AE2F174FE7E6001625C6 /* HomeViewController.m */; };
		D891AE36174FEB0C001625C6 /* Search.png in Resources */ = {isa = PBXBuildFile; fileRef = D891AE35174FEB0C001625C6 /* Search.png */; };
		D891AE38174FECE2001625C6 /* Options.png in Resources */ = {isa = PBXBuildFile; fileRef = D891AE37174FECE2001625C6 /* Options.png */; };
		D891AE43174FFA49001625C6 /* OptionsViewController.m in Sources */ = {isa = PBXBuildFile; fileRef = D891AE42174FFA49001625C6 /* OptionsViewController.m */; };
		D891AE5C174FFF88001625C6 /* Friends_icon.png in Resources */ = {isa = PBXBuildFile; fileRef = D891AE58174FFF88001625C6 /* Friends_icon.png */; };
		D891AE5D174FFF88001625C6 /* Profile_icon.png in Resources */ = {isa = PBXBuildFile; fileRef = D891AE59174FFF88001625C6 /* Profile_icon.png */; };
		D891AE5E174FFF88001625C6 /* Shows_icon.png in Resources */ = {isa = PBXBuildFile; fileRef = D891AE5A174FFF88001625C6 /* Shows_icon.png */; };
		D891AE5F174FFF88001625C6 /* Messages_icon.png in Resources */ = {isa = PBXBuildFile; fileRef = D891AE5B174FFF88001625C6 /* Messages_icon.png */; };
		D8AECA251755108F00C4139C /* star_icon.png in Resources */ = {isa = PBXBuildFile; fileRef = D8AECA241755108F00C4139C /* star_icon.png */; };
		D8FC678617886C5B00A06D40 /* FacebookSDK.framework in Frameworks */ = {isa = PBXBuildFile; fileRef = D8FC678517886C5B00A06D40 /* FacebookSDK.framework */; };
/* End PBXBuildFile section */

/* Begin PBXFileReference section */
		00925DCD2FE44C7AB3E9BD97 /* Pods.xcconfig */ = {isa = PBXFileReference; includeInIndex = 1; lastKnownFileType = text.xcconfig; name = Pods.xcconfig; path = ../Pods/Pods.xcconfig; sourceTree = SOURCE_ROOT; };
		86A72A6102254A888262B579 /* libPods.a */ = {isa = PBXFileReference; explicitFileType = archive.ar; includeInIndex = 0; path = libPods.a; sourceTree = BUILT_PRODUCTS_DIR; };
		8C67EDDB1764D779003278F8 /* Genre.h */ = {isa = PBXFileReference; fileEncoding = 4; lastKnownFileType = sourcecode.c.h; path = Genre.h; sourceTree = "<group>"; };
		8C67EDDC1764D779003278F8 /* Genre.m */ = {isa = PBXFileReference; fileEncoding = 4; lastKnownFileType = sourcecode.c.objc; path = Genre.m; sourceTree = "<group>"; };
		8C67EDE11764FC59003278F8 /* SeasonsViewController.h */ = {isa = PBXFileReference; fileEncoding = 4; lastKnownFileType = sourcecode.c.h; path = SeasonsViewController.h; sourceTree = "<group>"; };
		8C67EDE21764FC59003278F8 /* SeasonsViewController.m */ = {isa = PBXFileReference; fileEncoding = 4; lastKnownFileType = sourcecode.c.objc; path = SeasonsViewController.m; sourceTree = "<group>"; };
		8C67EDE51764FD38003278F8 /* Season.h */ = {isa = PBXFileReference; fileEncoding = 4; lastKnownFileType = sourcecode.c.h; path = Season.h; sourceTree = "<group>"; };
		8C67EDE61764FD38003278F8 /* Season.m */ = {isa = PBXFileReference; fileEncoding = 4; lastKnownFileType = sourcecode.c.objc; path = Season.m; sourceTree = "<group>"; };
		8C67EDE81765044A003278F8 /* SeasonViewController.h */ = {isa = PBXFileReference; fileEncoding = 4; lastKnownFileType = sourcecode.c.h; path = SeasonViewController.h; sourceTree = "<group>"; };
		8C67EDE91765044A003278F8 /* SeasonViewController.m */ = {isa = PBXFileReference; fileEncoding = 4; lastKnownFileType = sourcecode.c.objc; path = SeasonViewController.m; sourceTree = "<group>"; };
		8C67EDEB1765053D003278F8 /* Episode.h */ = {isa = PBXFileReference; fileEncoding = 4; lastKnownFileType = sourcecode.c.h; path = Episode.h; sourceTree = "<group>"; };
		8C67EDEC1765053D003278F8 /* Episode.m */ = {isa = PBXFileReference; fileEncoding = 4; lastKnownFileType = sourcecode.c.objc; path = Episode.m; sourceTree = "<group>"; };
		8C67EDEF1765162D003278F8 /* EpisodeViewController.h */ = {isa = PBXFileReference; fileEncoding = 4; lastKnownFileType = sourcecode.c.h; path = EpisodeViewController.h; sourceTree = "<group>"; };
		8C67EDF01765162D003278F8 /* EpisodeViewController.m */ = {isa = PBXFileReference; fileEncoding = 4; lastKnownFileType = sourcecode.c.objc; path = EpisodeViewController.m; sourceTree = "<group>"; };
		8C67EDF217651D5D003278F8 /* Person.h */ = {isa = PBXFileReference; fileEncoding = 4; lastKnownFileType = sourcecode.c.h; path = Person.h; sourceTree = "<group>"; };
		8C67EDF317651D5D003278F8 /* Person.m */ = {isa = PBXFileReference; fileEncoding = 4; lastKnownFileType = sourcecode.c.objc; path = Person.m; sourceTree = "<group>"; };
		8C67EDF517651E55003278F8 /* Actor.h */ = {isa = PBXFileReference; fileEncoding = 4; lastKnownFileType = sourcecode.c.h; path = Actor.h; sourceTree = "<group>"; };
		8C67EDF617651E55003278F8 /* Actor.m */ = {isa = PBXFileReference; fileEncoding = 4; lastKnownFileType = sourcecode.c.objc; path = Actor.m; sourceTree = "<group>"; };
		8C67EDF9176525E9003278F8 /* PersonsViewController.h */ = {isa = PBXFileReference; fileEncoding = 4; lastKnownFileType = sourcecode.c.h; path = PersonsViewController.h; sourceTree = "<group>"; };
		8C67EDFA176525E9003278F8 /* PersonsViewController.m */ = {isa = PBXFileReference; fileEncoding = 4; lastKnownFileType = sourcecode.c.objc; path = PersonsViewController.m; sourceTree = "<group>"; };
		8C6D9BCA17502954000C2E99 /* GenresViewController.h */ = {isa = PBXFileReference; fileEncoding = 4; lastKnownFileType = sourcecode.c.h; path = GenresViewController.h; sourceTree = "<group>"; };
		8C6D9BCB17502954000C2E99 /* GenresViewController.m */ = {isa = PBXFileReference; fileEncoding = 4; lastKnownFileType = sourcecode.c.objc; path = GenresViewController.m; sourceTree = "<group>"; };
		8C6D9BCE17502F30000C2E99 /* TvShow.h */ = {isa = PBXFileReference; fileEncoding = 4; lastKnownFileType = sourcecode.c.h; path = TvShow.h; sourceTree = "<group>"; };
		8C6D9BCF17502F30000C2E99 /* TvShow.m */ = {isa = PBXFileReference; fileEncoding = 4; lastKnownFileType = sourcecode.c.objc; path = TvShow.m; sourceTree = "<group>"; };
		8C6D9BD1175030B2000C2E99 /* TvShowsViewController.h */ = {isa = PBXFileReference; fileEncoding = 4; lastKnownFileType = sourcecode.c.h; path = TvShowsViewController.h; sourceTree = "<group>"; };
		8C6D9BD2175030B2000C2E99 /* TvShowsViewController.m */ = {isa = PBXFileReference; fileEncoding = 4; lastKnownFileType = sourcecode.c.objc; path = TvShowsViewController.m; sourceTree = "<group>"; };
		8CD10DC0176E81BD00F81F7C /* DownloadFiles.h */ = {isa = PBXFileReference; fileEncoding = 4; lastKnownFileType = sourcecode.c.h; path = DownloadFiles.h; sourceTree = "<group>"; };
		8CD10DC1176E81BD00F81F7C /* DownloadFiles.m */ = {isa = PBXFileReference; fileEncoding = 4; lastKnownFileType = sourcecode.c.objc; path = DownloadFiles.m; sourceTree = "<group>"; };
		8CD10DCD176E8DA300F81F7C /* Calendar_icon.png */ = {isa = PBXFileReference; lastKnownFileType = image.png; path = Calendar_icon.png; sourceTree = "<group>"; };
		D802E6551788815700ABD08F /* CoreLocation.framework */ = {isa = PBXFileReference; lastKnownFileType = wrapper.framework; name = CoreLocation.framework; path = System/Library/Frameworks/CoreLocation.framework; sourceTree = SDKROOT; };
		D802E657178882AD00ABD08F /* FacebookSDKResources.bundle */ = {isa = PBXFileReference; lastKnownFileType = "wrapper.plug-in"; path = FacebookSDKResources.bundle; sourceTree = "<group>"; };
		D802E659178887C000ABD08F /* libsqlite3.dylib */ = {isa = PBXFileReference; lastKnownFileType = "compiled.mach-o.dylib"; name = libsqlite3.dylib; path = usr/lib/libsqlite3.dylib; sourceTree = SDKROOT; };
		D802E65B17888C6E00ABD08F /* User.h */ = {isa = PBXFileReference; fileEncoding = 4; lastKnownFileType = sourcecode.c.h; path = User.h; sourceTree = "<group>"; };
		D802E65C17888C6E00ABD08F /* User.m */ = {isa = PBXFileReference; fileEncoding = 4; lastKnownFileType = sourcecode.c.objc; path = User.m; sourceTree = "<group>"; };
		D802E66217889C7E00ABD08F /* FacebookView.h */ = {isa = PBXFileReference; fileEncoding = 4; lastKnownFileType = sourcecode.c.h; path = FacebookView.h; sourceTree = "<group>"; };
		D802E66317889C7E00ABD08F /* FacebookView.m */ = {isa = PBXFileReference; fileEncoding = 4; lastKnownFileType = sourcecode.c.objc; path = FacebookView.m; sourceTree = "<group>"; };
		D811B5511789BE1600D4CB3F /* QuartzCore.framework */ = {isa = PBXFileReference; lastKnownFileType = wrapper.framework; name = QuartzCore.framework; path = System/Library/Frameworks/QuartzCore.framework; sourceTree = SDKROOT; };
		D811B5531789D88C00D4CB3F /* SlideshowViewController.h */ = {isa = PBXFileReference; fileEncoding = 4; lastKnownFileType = sourcecode.c.h; path = SlideshowViewController.h; sourceTree = "<group>"; };
		D811B5541789D88C00D4CB3F /* SlideshowViewController.m */ = {isa = PBXFileReference; fileEncoding = 4; lastKnownFileType = sourcecode.c.objc; path = SlideshowViewController.m; sourceTree = "<group>"; };
		D8782EBC174E6E160025CF79 /* STracker.app */ = {isa = PBXFileReference; explicitFileType = wrapper.application; includeInIndex = 0; path = STracker.app; sourceTree = BUILT_PRODUCTS_DIR; };
		D8782EBF174E6E160025CF79 /* UIKit.framework */ = {isa = PBXFileReference; lastKnownFileType = wrapper.framework; name = UIKit.framework; path = System/Library/Frameworks/UIKit.framework; sourceTree = SDKROOT; };
		D8782EC1174E6E160025CF79 /* Foundation.framework */ = {isa = PBXFileReference; lastKnownFileType = wrapper.framework; name = Foundation.framework; path = System/Library/Frameworks/Foundation.framework; sourceTree = SDKROOT; };
		D8782EC3174E6E160025CF79 /* CoreGraphics.framework */ = {isa = PBXFileReference; lastKnownFileType = wrapper.framework; name = CoreGraphics.framework; path = System/Library/Frameworks/CoreGraphics.framework; sourceTree = SDKROOT; };
		D8782EC7174E6E160025CF79 /* STracker-Info.plist */ = {isa = PBXFileReference; lastKnownFileType = text.plist.xml; path = "STracker-Info.plist"; sourceTree = "<group>"; };
		D8782EC9174E6E160025CF79 /* en */ = {isa = PBXFileReference; lastKnownFileType = text.plist.strings; name = en; path = en.lproj/InfoPlist.strings; sourceTree = "<group>"; };
		D8782ECB174E6E160025CF79 /* main.m */ = {isa = PBXFileReference; lastKnownFileType = sourcecode.c.objc; path = main.m; sourceTree = "<group>"; };
		D8782ECD174E6E160025CF79 /* STracker-Prefix.pch */ = {isa = PBXFileReference; lastKnownFileType = sourcecode.c.h; path = "STracker-Prefix.pch"; sourceTree = "<group>"; };
		D8782ECE174E6E160025CF79 /* AppDelegate.h */ = {isa = PBXFileReference; lastKnownFileType = sourcecode.c.h; path = AppDelegate.h; sourceTree = "<group>"; };
		D8782ECF174E6E160025CF79 /* AppDelegate.m */ = {isa = PBXFileReference; lastKnownFileType = sourcecode.c.objc; path = AppDelegate.m; sourceTree = "<group>"; };
		D8782ED1174E6E160025CF79 /* Default.png */ = {isa = PBXFileReference; lastKnownFileType = image.png; path = Default.png; sourceTree = "<group>"; };
		D8782ED3174E6E160025CF79 /* Default@2x.png */ = {isa = PBXFileReference; lastKnownFileType = image.png; path = "Default@2x.png"; sourceTree = "<group>"; };
		D8782ED5174E6E160025CF79 /* Default-568h@2x.png */ = {isa = PBXFileReference; lastKnownFileType = image.png; path = "Default-568h@2x.png"; sourceTree = "<group>"; };
		D8782ED8174E6E160025CF79 /* en */ = {isa = PBXFileReference; lastKnownFileType = file.storyboard; name = en; path = en.lproj/MainStoryboard_iPhone.storyboard; sourceTree = "<group>"; };
		D8782EDB174E6E160025CF79 /* en */ = {isa = PBXFileReference; lastKnownFileType = file.storyboard; name = en; path = en.lproj/MainStoryboard_iPad.storyboard; sourceTree = "<group>"; };
		D887E3841753B22000E3BABB /* STrackerServerHttpClient.h */ = {isa = PBXFileReference; fileEncoding = 4; lastKnownFileType = sourcecode.c.h; path = STrackerServerHttpClient.h; sourceTree = "<group>"; };
		D887E3851753B22000E3BABB /* STrackerServerHttpClient.m */ = {isa = PBXFileReference; fileEncoding = 4; lastKnownFileType = sourcecode.c.objc; path = STrackerServerHttpClient.m; sourceTree = "<group>"; };
		D887E38A1753C8F000E3BABB /* Entity.h */ = {isa = PBXFileReference; fileEncoding = 4; lastKnownFileType = sourcecode.c.h; path = Entity.h; sourceTree = "<group>"; };
		D887E38B1753C8F000E3BABB /* Entity.m */ = {isa = PBXFileReference; fileEncoding = 4; lastKnownFileType = sourcecode.c.objc; path = Entity.m; sourceTree = "<group>"; };
		D887E38D1753CC6C00E3BABB /* TvShowViewController.h */ = {isa = PBXFileReference; fileEncoding = 4; lastKnownFileType = sourcecode.c.h; path = TvShowViewController.h; sourceTree = "<group>"; };
		D887E38E1753CC6C00E3BABB /* TvShowViewController.m */ = {isa = PBXFileReference; fileEncoding = 4; lastKnownFileType = sourcecode.c.objc; path = TvShowViewController.m; sourceTree = "<group>"; };
		D887E3901753FA2200E3BABB /* BaseTableViewController.h */ = {isa = PBXFileReference; fileEncoding = 4; lastKnownFileType = sourcecode.c.h; path = BaseTableViewController.h; sourceTree = "<group>"; };
		D887E3911753FA2200E3BABB /* BaseTableViewController.m */ = {isa = PBXFileReference; fileEncoding = 4; lastKnownFileType = sourcecode.c.objc; path = BaseTableViewController.m; sourceTree = "<group>"; };
		D891AE2C174FE191001625C6 /* BackgroundPattern.png */ = {isa = PBXFileReference; lastKnownFileType = image.png; path = BackgroundPattern.png; sourceTree = "<group>"; };
		D891AE2E174FE7E6001625C6 /* HomeViewController.h */ = {isa = PBXFileReference; fileEncoding = 4; lastKnownFileType = sourcecode.c.h; path = HomeViewController.h; sourceTree = "<group>"; };
		D891AE2F174FE7E6001625C6 /* HomeViewController.m */ = {isa = PBXFileReference; fileEncoding = 4; lastKnownFileType = sourcecode.c.objc; path = HomeViewController.m; sourceTree = "<group>"; };
		D891AE35174FEB0C001625C6 /* Search.png */ = {isa = PBXFileReference; lastKnownFileType = image.png; path = Search.png; sourceTree = "<group>"; };
		D891AE37174FECE2001625C6 /* Options.png */ = {isa = PBXFileReference; lastKnownFileType = image.png; path = Options.png; sourceTree = "<group>"; };
		D891AE41174FFA49001625C6 /* OptionsViewController.h */ = {isa = PBXFileReference; fileEncoding = 4; lastKnownFileType = sourcecode.c.h; path = OptionsViewController.h; sourceTree = "<group>"; };
		D891AE42174FFA49001625C6 /* OptionsViewController.m */ = {isa = PBXFileReference; fileEncoding = 4; lastKnownFileType = sourcecode.c.objc; path = OptionsViewController.m; sourceTree = "<group>"; };
		D891AE58174FFF88001625C6 /* Friends_icon.png */ = {isa = PBXFileReference; lastKnownFileType = image.png; path = Friends_icon.png; sourceTree = "<group>"; };
		D891AE59174FFF88001625C6 /* Profile_icon.png */ = {isa = PBXFileReference; lastKnownFileType = image.png; path = Profile_icon.png; sourceTree = "<group>"; };
		D891AE5A174FFF88001625C6 /* Shows_icon.png */ = {isa = PBXFileReference; lastKnownFileType = image.png; path = Shows_icon.png; sourceTree = "<group>"; };
		D891AE5B174FFF88001625C6 /* Messages_icon.png */ = {isa = PBXFileReference; lastKnownFileType = image.png; path = Messages_icon.png; sourceTree = "<group>"; };
		D8AECA241755108F00C4139C /* star_icon.png */ = {isa = PBXFileReference; lastKnownFileType = image.png; path = star_icon.png; sourceTree = "<group>"; };
		D8FC677B17886B1200A06D40 /* Accounts.framework */ = {isa = PBXFileReference; lastKnownFileType = wrapper.framework; name = Accounts.framework; path = System/Library/Frameworks/Accounts.framework; sourceTree = SDKROOT; };
		D8FC677D17886B1800A06D40 /* Social.framework */ = {isa = PBXFileReference; lastKnownFileType = wrapper.framework; name = Social.framework; path = System/Library/Frameworks/Social.framework; sourceTree = SDKROOT; };
		D8FC677F17886B2300A06D40 /* Security.framework */ = {isa = PBXFileReference; lastKnownFileType = wrapper.framework; name = Security.framework; path = System/Library/Frameworks/Security.framework; sourceTree = SDKROOT; };
		D8FC678317886B6000A06D40 /* AdSupport.framework */ = {isa = PBXFileReference; lastKnownFileType = wrapper.framework; name = AdSupport.framework; path = System/Library/Frameworks/AdSupport.framework; sourceTree = SDKROOT; };
		D8FC678517886C5B00A06D40 /* FacebookSDK.framework */ = {isa = PBXFileReference; lastKnownFileType = wrapper.framework; path = FacebookSDK.framework; sourceTree = "<group>"; };
/* End PBXFileReference section */

/* Begin PBXFrameworksBuildPhase section */
		D8782EB9174E6E160025CF79 /* Frameworks */ = {
			isa = PBXFrameworksBuildPhase;
			buildActionMask = 2147483647;
			files = (
				D811B5521789BE1600D4CB3F /* QuartzCore.framework in Frameworks */,
				D802E6511788811000ABD08F /* Security.framework in Frameworks */,
				D802E6521788811B00ABD08F /* Social.framework in Frameworks */,
				D802E6531788812900ABD08F /* AdSupport.framework in Frameworks */,
				D802E6541788813500ABD08F /* Accounts.framework in Frameworks */,
				D8782EC0174E6E160025CF79 /* UIKit.framework in Frameworks */,
				D8782EC2174E6E160025CF79 /* Foundation.framework in Frameworks */,
				D8782EC4174E6E160025CF79 /* CoreGraphics.framework in Frameworks */,
				D8FC678617886C5B00A06D40 /* FacebookSDK.framework in Frameworks */,
				D802E6561788815700ABD08F /* CoreLocation.framework in Frameworks */,
				D802E65A178887C000ABD08F /* libsqlite3.dylib in Frameworks */,
				958B692C8AB84E8FB6B7F544 /* libPods.a in Frameworks */,
			);
			runOnlyForDeploymentPostprocessing = 0;
		};
/* End PBXFrameworksBuildPhase section */

/* Begin PBXGroup section */
		8C4D51C4175296DE00739A25 /* HttpClients */ = {
			isa = PBXGroup;
			children = (
				D887E3841753B22000E3BABB /* STrackerServerHttpClient.h */,
				D887E3851753B22000E3BABB /* STrackerServerHttpClient.m */,
				8CD10DC0176E81BD00F81F7C /* DownloadFiles.h */,
				8CD10DC1176E81BD00F81F7C /* DownloadFiles.m */,
			);
			name = HttpClients;
			sourceTree = "<group>";
		};
		8C4D51C817529C3700739A25 /* ControllersAndViews */ = {
			isa = PBXGroup;
			children = (
				D8782ED7174E6E160025CF79 /* MainStoryboard_iPhone.storyboard */,
				D8782EDA174E6E160025CF79 /* MainStoryboard_iPad.storyboard */,
				D8782ECE174E6E160025CF79 /* AppDelegate.h */,
				D8782ECF174E6E160025CF79 /* AppDelegate.m */,
				D811B5561789E94E00D4CB3F /* FacebookLogin */,
				D811B5571789F43500D4CB3F /* BaseTable */,
				8C6040ED178A2296001BAA6E /* Slideshow */,
				D887E39917540A0500E3BABB /* HomeController */,
				D887E39B17540AAC00E3BABB /* OptionsController */,
				8C67EDDA1764D5AC003278F8 /* GenresController */,
				D887E39A17540A0E00E3BABB /* TvShowsControllers */,
				8C67EDE41764FC5F003278F8 /* SeasonsControllers */,
				8C67EDEE176515E7003278F8 /* EpisodesController */,
				8C67EDF8176525CB003278F8 /* PersonsController */,
			);
			name = ControllersAndViews;
			sourceTree = "<group>";
		};
		8C6040ED178A2296001BAA6E /* Slideshow */ = {
			isa = PBXGroup;
			children = (
				D811B5531789D88C00D4CB3F /* SlideshowViewController.h */,
				D811B5541789D88C00D4CB3F /* SlideshowViewController.m */,
			);
			name = Slideshow;
			sourceTree = "<group>";
		};
		8C67EDDA1764D5AC003278F8 /* GenresController */ = {
			isa = PBXGroup;
			children = (
				8C6D9BCA17502954000C2E99 /* GenresViewController.h */,
				8C6D9BCB17502954000C2E99 /* GenresViewController.m */,
			);
			name = GenresController;
			sourceTree = "<group>";
		};
		8C67EDE41764FC5F003278F8 /* SeasonsControllers */ = {
			isa = PBXGroup;
			children = (
				8C67EDE11764FC59003278F8 /* SeasonsViewController.h */,
				8C67EDE21764FC59003278F8 /* SeasonsViewController.m */,
				8C67EDE81765044A003278F8 /* SeasonViewController.h */,
				8C67EDE91765044A003278F8 /* SeasonViewController.m */,
			);
			name = SeasonsControllers;
			sourceTree = "<group>";
		};
		8C67EDEE176515E7003278F8 /* EpisodesController */ = {
			isa = PBXGroup;
			children = (
				8C67EDEF1765162D003278F8 /* EpisodeViewController.h */,
				8C67EDF01765162D003278F8 /* EpisodeViewController.m */,
			);
			name = EpisodesController;
			sourceTree = "<group>";
		};
		8C67EDF8176525CB003278F8 /* PersonsController */ = {
			isa = PBXGroup;
			children = (
				8C67EDF9176525E9003278F8 /* PersonsViewController.h */,
				8C67EDFA176525E9003278F8 /* PersonsViewController.m */,
			);
			name = PersonsController;
			sourceTree = "<group>";
		};
		8C6D9BCD17502F1A000C2E99 /* Models */ = {
			isa = PBXGroup;
			children = (
				D887E38A1753C8F000E3BABB /* Entity.h */,
				D887E38B1753C8F000E3BABB /* Entity.m */,
				8C6D9BCE17502F30000C2E99 /* TvShow.h */,
				8C6D9BCF17502F30000C2E99 /* TvShow.m */,
				8C67EDDB1764D779003278F8 /* Genre.h */,
				8C67EDDC1764D779003278F8 /* Genre.m */,
				8C67EDE51764FD38003278F8 /* Season.h */,
				8C67EDE61764FD38003278F8 /* Season.m */,
				8C67EDEB1765053D003278F8 /* Episode.h */,
				8C67EDEC1765053D003278F8 /* Episode.m */,
				8C67EDF217651D5D003278F8 /* Person.h */,
				8C67EDF317651D5D003278F8 /* Person.m */,
				8C67EDF517651E55003278F8 /* Actor.h */,
				8C67EDF617651E55003278F8 /* Actor.m */,
				D802E65B17888C6E00ABD08F /* User.h */,
				D802E65C17888C6E00ABD08F /* User.m */,
			);
			name = Models;
			sourceTree = "<group>";
		};
		D811B5561789E94E00D4CB3F /* FacebookLogin */ = {
			isa = PBXGroup;
			children = (
				D802E66217889C7E00ABD08F /* FacebookView.h */,
				D802E66317889C7E00ABD08F /* FacebookView.m */,
			);
			name = FacebookLogin;
			sourceTree = "<group>";
		};
		D811B5571789F43500D4CB3F /* BaseTable */ = {
			isa = PBXGroup;
			children = (
				D887E3901753FA2200E3BABB /* BaseTableViewController.h */,
				D887E3911753FA2200E3BABB /* BaseTableViewController.m */,
			);
			name = BaseTable;
			sourceTree = "<group>";
		};
		D8782EB3174E6E160025CF79 = {
			isa = PBXGroup;
			children = (
				D8EC0312176F838900BBC5C1 /* Unit Tests */,
				D8782EC5174E6E160025CF79 /* STracker */,
				D8782EBE174E6E160025CF79 /* Frameworks */,
				D8782EBD174E6E160025CF79 /* Products */,
				00925DCD2FE44C7AB3E9BD97 /* Pods.xcconfig */,
			);
			sourceTree = "<group>";
		};
		D8782EBD174E6E160025CF79 /* Products */ = {
			isa = PBXGroup;
			children = (
				D8782EBC174E6E160025CF79 /* STracker.app */,
			);
			name = Products;
			sourceTree = "<group>";
		};
		D8782EBE174E6E160025CF79 /* Frameworks */ = {
			isa = PBXGroup;
			children = (
				D811B5511789BE1600D4CB3F /* QuartzCore.framework */,
				D8FC677F17886B2300A06D40 /* Security.framework */,
				D8FC677D17886B1800A06D40 /* Social.framework */,
				D8FC678317886B6000A06D40 /* AdSupport.framework */,
				D802E6551788815700ABD08F /* CoreLocation.framework */,
				D8FC678517886C5B00A06D40 /* FacebookSDK.framework */,
				D802E657178882AD00ABD08F /* FacebookSDKResources.bundle */,
				D8FC677B17886B1200A06D40 /* Accounts.framework */,
				D8782EBF174E6E160025CF79 /* UIKit.framework */,
				D8782EC1174E6E160025CF79 /* Foundation.framework */,
				D8782EC3174E6E160025CF79 /* CoreGraphics.framework */,
				D802E659178887C000ABD08F /* libsqlite3.dylib */,
				86A72A6102254A888262B579 /* libPods.a */,
			);
			name = Frameworks;
			sourceTree = "<group>";
		};
		D8782EC5174E6E160025CF79 /* STracker */ = {
			isa = PBXGroup;
			children = (
				8C4D51C4175296DE00739A25 /* HttpClients */,
				8C6D9BCD17502F1A000C2E99 /* Models */,
				8C4D51C817529C3700739A25 /* ControllersAndViews */,
				D8782EC6174E6E160025CF79 /* Supporting Files */,
			);
			path = STracker;
			sourceTree = "<group>";
		};
		D8782EC6174E6E160025CF79 /* Supporting Files */ = {
			isa = PBXGroup;
			children = (
				D891AE2B174FE172001625C6 /* Images */,
				D8782EC7174E6E160025CF79 /* STracker-Info.plist */,
				D8782EC8174E6E160025CF79 /* InfoPlist.strings */,
				D8782ECB174E6E160025CF79 /* main.m */,
				D8782ECD174E6E160025CF79 /* STracker-Prefix.pch */,
				D8782ED1174E6E160025CF79 /* Default.png */,
				D8782ED3174E6E160025CF79 /* Default@2x.png */,
				D8782ED5174E6E160025CF79 /* Default-568h@2x.png */,
			);
			name = "Supporting Files";
			sourceTree = "<group>";
		};
		D887E39917540A0500E3BABB /* HomeController */ = {
			isa = PBXGroup;
			children = (
				D891AE2E174FE7E6001625C6 /* HomeViewController.h */,
				D891AE2F174FE7E6001625C6 /* HomeViewController.m */,
			);
			name = HomeController;
			sourceTree = "<group>";
		};
		D887E39A17540A0E00E3BABB /* TvShowsControllers */ = {
			isa = PBXGroup;
			children = (
				8C6D9BD1175030B2000C2E99 /* TvShowsViewController.h */,
				8C6D9BD2175030B2000C2E99 /* TvShowsViewController.m */,
				D887E38D1753CC6C00E3BABB /* TvShowViewController.h */,
				D887E38E1753CC6C00E3BABB /* TvShowViewController.m */,
			);
			name = TvShowsControllers;
			sourceTree = "<group>";
		};
		D887E39B17540AAC00E3BABB /* OptionsController */ = {
			isa = PBXGroup;
			children = (
				D891AE41174FFA49001625C6 /* OptionsViewController.h */,
				D891AE42174FFA49001625C6 /* OptionsViewController.m */,
			);
			name = OptionsController;
			sourceTree = "<group>";
		};
		D891AE2B174FE172001625C6 /* Images */ = {
			isa = PBXGroup;
			children = (
				8CD10DCD176E8DA300F81F7C /* Calendar_icon.png */,
				D8AECA241755108F00C4139C /* star_icon.png */,
				D891AE58174FFF88001625C6 /* Friends_icon.png */,
				D891AE59174FFF88001625C6 /* Profile_icon.png */,
				D891AE5A174FFF88001625C6 /* Shows_icon.png */,
				D891AE5B174FFF88001625C6 /* Messages_icon.png */,
				D891AE37174FECE2001625C6 /* Options.png */,
				D891AE35174FEB0C001625C6 /* Search.png */,
				D891AE2C174FE191001625C6 /* BackgroundPattern.png */,
			);
			name = Images;
			path = ..;
			sourceTree = "<group>";
		};
		D8EC0312176F838900BBC5C1 /* Unit Tests */ = {
			isa = PBXGroup;
			children = (
			);
			name = "Unit Tests";
			sourceTree = "<group>";
		};
/* End PBXGroup section */

/* Begin PBXNativeTarget section */
		D8782EBB174E6E160025CF79 /* STracker */ = {
			isa = PBXNativeTarget;
			buildConfigurationList = D8782EE2174E6E160025CF79 /* Build configuration list for PBXNativeTarget "STracker" */;
			buildPhases = (
				4D0769B699734465B0F5B607 /* Check Pods Manifest.lock */,
				D8782EB8174E6E160025CF79 /* Sources */,
				D8782EB9174E6E160025CF79 /* Frameworks */,
				D8782EBA174E6E160025CF79 /* Resources */,
				1CF3F562C89F4E91A8736537 /* Copy Pods Resources */,
			);
			buildRules = (
			);
			dependencies = (
			);
			name = STracker;
			productName = STracker;
			productReference = D8782EBC174E6E160025CF79 /* STracker.app */;
			productType = "com.apple.product-type.application";
		};
/* End PBXNativeTarget section */

/* Begin PBXProject section */
		D8782EB4174E6E160025CF79 /* Project object */ = {
			isa = PBXProject;
			attributes = {
				LastUpgradeCheck = 0460;
				ORGANIZATIONNAME = STracker;
			};
			buildConfigurationList = D8782EB7174E6E160025CF79 /* Build configuration list for PBXProject "STracker" */;
			compatibilityVersion = "Xcode 3.2";
			developmentRegion = English;
			hasScannedForEncodings = 0;
			knownRegions = (
				en,
			);
			mainGroup = D8782EB3174E6E160025CF79;
			productRefGroup = D8782EBD174E6E160025CF79 /* Products */;
			projectDirPath = "";
			projectRoot = "";
			targets = (
				D8782EBB174E6E160025CF79 /* STracker */,
			);
		};
/* End PBXProject section */

/* Begin PBXResourcesBuildPhase section */
		D8782EBA174E6E160025CF79 /* Resources */ = {
			isa = PBXResourcesBuildPhase;
			buildActionMask = 2147483647;
			files = (
				D8782ECA174E6E160025CF79 /* InfoPlist.strings in Resources */,
				D8782ED2174E6E160025CF79 /* Default.png in Resources */,
				D8782ED4174E6E160025CF79 /* Default@2x.png in Resources */,
				D8782ED6174E6E160025CF79 /* Default-568h@2x.png in Resources */,
				D8782ED9174E6E160025CF79 /* MainStoryboard_iPhone.storyboard in Resources */,
				D8782EDC174E6E160025CF79 /* MainStoryboard_iPad.storyboard in Resources */,
				D891AE2D174FE191001625C6 /* BackgroundPattern.png in Resources */,
				D891AE36174FEB0C001625C6 /* Search.png in Resources */,
				D891AE38174FECE2001625C6 /* Options.png in Resources */,
				D891AE5C174FFF88001625C6 /* Friends_icon.png in Resources */,
				D891AE5D174FFF88001625C6 /* Profile_icon.png in Resources */,
				D891AE5E174FFF88001625C6 /* Shows_icon.png in Resources */,
				D891AE5F174FFF88001625C6 /* Messages_icon.png in Resources */,
				D8AECA251755108F00C4139C /* star_icon.png in Resources */,
				8CD10DCE176E8DA300F81F7C /* Calendar_icon.png in Resources */,
				D802E658178882AD00ABD08F /* FacebookSDKResources.bundle in Resources */,
			);
			runOnlyForDeploymentPostprocessing = 0;
		};
/* End PBXResourcesBuildPhase section */

/* Begin PBXShellScriptBuildPhase section */
		1CF3F562C89F4E91A8736537 /* Copy Pods Resources */ = {
			isa = PBXShellScriptBuildPhase;
			buildActionMask = 2147483647;
			files = (
			);
			inputPaths = (
			);
			name = "Copy Pods Resources";
			outputPaths = (
			);
			runOnlyForDeploymentPostprocessing = 0;
			shellPath = /bin/sh;
			shellScript = "\"${SRCROOT}/../Pods/Pods-resources.sh\"\n";
		};
		4D0769B699734465B0F5B607 /* Check Pods Manifest.lock */ = {
			isa = PBXShellScriptBuildPhase;
			buildActionMask = 2147483647;
			files = (
			);
			inputPaths = (
			);
			name = "Check Pods Manifest.lock";
			outputPaths = (
			);
			runOnlyForDeploymentPostprocessing = 0;
			shellPath = /bin/sh;
			shellScript = "diff \"${PODS_ROOT}/../Podfile.lock\" \"${PODS_ROOT}/Manifest.lock\" > /dev/null\nif [[ $? != 0 ]] ; then\n    cat << EOM\nerror: The sandbox is not in sync with the Podfile.lock. Run 'pod install' or update your CocoaPods installation.\nEOM\n    exit 1\nfi\n";
		};
/* End PBXShellScriptBuildPhase section */

/* Begin PBXSourcesBuildPhase section */
		D8782EB8174E6E160025CF79 /* Sources */ = {
			isa = PBXSourcesBuildPhase;
			buildActionMask = 2147483647;
			files = (
				D8782ECC174E6E160025CF79 /* main.m in Sources */,
				D8782ED0174E6E160025CF79 /* AppDelegate.m in Sources */,
				D891AE30174FE7E6001625C6 /* HomeViewController.m in Sources */,
				D891AE43174FFA49001625C6 /* OptionsViewController.m in Sources */,
				8C6D9BCC17502954000C2E99 /* GenresViewController.m in Sources */,
				8C6D9BD017502F30000C2E99 /* TvShow.m in Sources */,
				8C6D9BD3175030B2000C2E99 /* TvShowsViewController.m in Sources */,
				D887E3861753B22000E3BABB /* STrackerServerHttpClient.m in Sources */,
				D887E38C1753C8F000E3BABB /* Entity.m in Sources */,
				D887E38F1753CC6C00E3BABB /* TvShowViewController.m in Sources */,
				D887E3921753FA2200E3BABB /* BaseTableViewController.m in Sources */,
				8C67EDDD1764D779003278F8 /* Genre.m in Sources */,
				8C67EDE31764FC5A003278F8 /* SeasonsViewController.m in Sources */,
				8C67EDE71764FD38003278F8 /* Season.m in Sources */,
				8C67EDEA1765044A003278F8 /* SeasonViewController.m in Sources */,
				8C67EDED1765053D003278F8 /* Episode.m in Sources */,
				8C67EDF11765162D003278F8 /* EpisodeViewController.m in Sources */,
				8C67EDF417651D5D003278F8 /* Person.m in Sources */,
				8C67EDF717651E55003278F8 /* Actor.m in Sources */,
				8C67EDFB176525E9003278F8 /* PersonsViewController.m in Sources */,
				8CD10DC2176E81BD00F81F7C /* DownloadFiles.m in Sources */,
				D802E65D17888C6E00ABD08F /* User.m in Sources */,
				D802E66417889C7E00ABD08F /* FacebookView.m in Sources */,
				D811B5551789D88D00D4CB3F /* SlideshowViewController.m in Sources */,
			);
			runOnlyForDeploymentPostprocessing = 0;
		};
/* End PBXSourcesBuildPhase section */

/* Begin PBXVariantGroup section */
		D8782EC8174E6E160025CF79 /* InfoPlist.strings */ = {
			isa = PBXVariantGroup;
			children = (
				D8782EC9174E6E160025CF79 /* en */,
			);
			name = InfoPlist.strings;
			sourceTree = "<group>";
		};
		D8782ED7174E6E160025CF79 /* MainStoryboard_iPhone.storyboard */ = {
			isa = PBXVariantGroup;
			children = (
				D8782ED8174E6E160025CF79 /* en */,
			);
			name = MainStoryboard_iPhone.storyboard;
			sourceTree = "<group>";
		};
		D8782EDA174E6E160025CF79 /* MainStoryboard_iPad.storyboard */ = {
			isa = PBXVariantGroup;
			children = (
				D8782EDB174E6E160025CF79 /* en */,
			);
			name = MainStoryboard_iPad.storyboard;
			sourceTree = "<group>";
		};
/* End PBXVariantGroup section */

/* Begin XCBuildConfiguration section */
		D8782EE0174E6E160025CF79 /* Debug */ = {
			isa = XCBuildConfiguration;
			buildSettings = {
				ALWAYS_SEARCH_USER_PATHS = NO;
				CLANG_CXX_LANGUAGE_STANDARD = "gnu++0x";
				CLANG_CXX_LIBRARY = "libc++";
				CLANG_ENABLE_OBJC_ARC = YES;
				CLANG_WARN_CONSTANT_CONVERSION = YES;
				CLANG_WARN_EMPTY_BODY = YES;
				CLANG_WARN_ENUM_CONVERSION = YES;
				CLANG_WARN_INT_CONVERSION = YES;
				CLANG_WARN__DUPLICATE_METHOD_MATCH = YES;
				"CODE_SIGN_IDENTITY[sdk=iphoneos*]" = "iPhone Developer";
				COPY_PHASE_STRIP = NO;
				GCC_C_LANGUAGE_STANDARD = gnu99;
				GCC_DYNAMIC_NO_PIC = NO;
				GCC_OPTIMIZATION_LEVEL = 0;
				GCC_PREPROCESSOR_DEFINITIONS = (
					"DEBUG=1",
					"$(inherited)",
				);
				GCC_SYMBOLS_PRIVATE_EXTERN = NO;
				GCC_WARN_ABOUT_RETURN_TYPE = YES;
				GCC_WARN_UNINITIALIZED_AUTOS = YES;
				GCC_WARN_UNUSED_VARIABLE = YES;
				IPHONEOS_DEPLOYMENT_TARGET = 5.0;
				ONLY_ACTIVE_ARCH = YES;
				SDKROOT = iphoneos;
				TARGETED_DEVICE_FAMILY = "1,2";
			};
			name = Debug;
		};
		D8782EE1174E6E160025CF79 /* Release */ = {
			isa = XCBuildConfiguration;
			buildSettings = {
				ALWAYS_SEARCH_USER_PATHS = NO;
				CLANG_CXX_LANGUAGE_STANDARD = "gnu++0x";
				CLANG_CXX_LIBRARY = "libc++";
				CLANG_ENABLE_OBJC_ARC = YES;
				CLANG_WARN_CONSTANT_CONVERSION = YES;
				CLANG_WARN_EMPTY_BODY = YES;
				CLANG_WARN_ENUM_CONVERSION = YES;
				CLANG_WARN_INT_CONVERSION = YES;
				CLANG_WARN__DUPLICATE_METHOD_MATCH = YES;
				"CODE_SIGN_IDENTITY[sdk=iphoneos*]" = "iPhone Developer";
				COPY_PHASE_STRIP = YES;
				GCC_C_LANGUAGE_STANDARD = gnu99;
				GCC_WARN_ABOUT_RETURN_TYPE = YES;
				GCC_WARN_UNINITIALIZED_AUTOS = YES;
				GCC_WARN_UNUSED_VARIABLE = YES;
				IPHONEOS_DEPLOYMENT_TARGET = 5.0;
				OTHER_CFLAGS = "-DNS_BLOCK_ASSERTIONS=1";
				SDKROOT = iphoneos;
				TARGETED_DEVICE_FAMILY = "1,2";
				VALIDATE_PRODUCT = YES;
			};
			name = Release;
		};
		D8782EE3174E6E160025CF79 /* Debug */ = {
			isa = XCBuildConfiguration;
			baseConfigurationReference = 00925DCD2FE44C7AB3E9BD97 /* Pods.xcconfig */;
			buildSettings = {
				FRAMEWORK_SEARCH_PATHS = (
					"$(inherited)",
					"\"$(SRCROOT)\"",
				);
				GCC_PRECOMPILE_PREFIX_HEADER = YES;
				GCC_PREFIX_HEADER = "STracker/STracker-Prefix.pch";
				INFOPLIST_FILE = "STracker/STracker-Info.plist";
				PRODUCT_NAME = "$(TARGET_NAME)";
				WRAPPER_EXTENSION = app;
			};
			name = Debug;
		};
		D8782EE4174E6E160025CF79 /* Release */ = {
			isa = XCBuildConfiguration;
			baseConfigurationReference = 00925DCD2FE44C7AB3E9BD97 /* Pods.xcconfig */;
			buildSettings = {
				FRAMEWORK_SEARCH_PATHS = (
					"$(inherited)",
					"\"$(SRCROOT)\"",
				);
				GCC_PRECOMPILE_PREFIX_HEADER = YES;
				GCC_PREFIX_HEADER = "STracker/STracker-Prefix.pch";
				INFOPLIST_FILE = "STracker/STracker-Info.plist";
				PRODUCT_NAME = "$(TARGET_NAME)";
				WRAPPER_EXTENSION = app;
			};
			name = Release;
		};
/* End XCBuildConfiguration section */

/* Begin XCConfigurationList section */
		D8782EB7174E6E160025CF79 /* Build configuration list for PBXProject "STracker" */ = {
			isa = XCConfigurationList;
			buildConfigurations = (
				D8782EE0174E6E160025CF79 /* Debug */,
				D8782EE1174E6E160025CF79 /* Release */,
			);
			defaultConfigurationIsVisible = 0;
			defaultConfigurationName = Release;
		};
		D8782EE2174E6E160025CF79 /* Build configuration list for PBXNativeTarget "STracker" */ = {
			isa = XCConfigurationList;
			buildConfigurations = (
				D8782EE3174E6E160025CF79 /* Debug */,
				D8782EE4174E6E160025CF79 /* Release */,
			);
			defaultConfigurationIsVisible = 0;
			defaultConfigurationName = Release;
		};
/* End XCConfigurationList section */
	};
	rootObject = D8782EB4174E6E160025CF79 /* Project object */;
}
